# THIS IS AN AUTOGENERATED FILE. DO NOT EDIT THIS FILE DIRECTLY.
# yarn lockfile v1


"@ant-design/colors@^7.0.0":
  version "7.0.0"
  resolved "https://registry.yarnpkg.com/@ant-design/colors/-/colors-7.0.0.tgz#eb7eecead124c3533aea05d61254f0a17f2b61b3"
  integrity sha512-iVm/9PfGCbC0dSMBrz7oiEXZaaGH7ceU40OJEfKmyuzR9R5CRimJYPlRiFtMQGQcbNMea/ePcoIebi4ASGYXtg==
  dependencies:
    "@ctrl/tinycolor" "^3.4.0"

"@ant-design/cssinjs@^1.10.1", "@ant-design/cssinjs@^1.9.1":
  version "1.10.1"
  resolved "https://registry.yarnpkg.com/@ant-design/cssinjs/-/cssinjs-1.10.1.tgz#c9173f38e3d61f0883ca3c17d7cf1e30784e0dd7"
  integrity sha512-PSoJS8RMzn95ZRg007dJGr6AU0Zim/O+tTN0xmXmh9CkIl4y3wuOr2Zhehaj7s130wPSYDVvahf3DKT50w/Zhw==
  dependencies:
    "@babel/runtime" "^7.11.1"
    "@emotion/hash" "^0.8.0"
    "@emotion/unitless" "^0.7.5"
    classnames "^2.3.1"
    csstype "^3.0.10"
    rc-util "^5.27.0"
    stylis "^4.0.13"

"@ant-design/icons-svg@^4.2.1":
  version "4.2.1"
  resolved "https://registry.yarnpkg.com/@ant-design/icons-svg/-/icons-svg-4.2.1.tgz#8630da8eb4471a4aabdaed7d1ff6a97dcb2cf05a"
  integrity sha512-EB0iwlKDGpG93hW8f85CTJTs4SvMX7tt5ceupvhALp1IF44SeUFOMhKUOYqpsoYWQKAOuTRDMqn75rEaKDp0Xw==

"@ant-design/icons@^5.0.0", "@ant-design/icons@^5.1.0", "@ant-design/icons@^5.1.4":
  version "5.1.4"
  resolved "https://registry.yarnpkg.com/@ant-design/icons/-/icons-5.1.4.tgz#614e29e26d092c2c1c1a2acbc0d84434d8d1474e"
  integrity sha512-YHKL7Jx3bM12OxvtiYDon04BsBT/6LGitYEqar3GljzWaAyMOAD8i/uF1Rsi5Us/YNdWWXBGSvZV2OZWMpJlcA==
  dependencies:
    "@ant-design/colors" "^7.0.0"
    "@ant-design/icons-svg" "^4.2.1"
    "@babel/runtime" "^7.11.2"
    classnames "^2.2.6"
    rc-util "^5.31.1"

"@ant-design/pro-card@^2.4.13":
  version "2.4.13"
  resolved "https://registry.yarnpkg.com/@ant-design/pro-card/-/pro-card-2.4.13.tgz#1d89f1d7c05e164eb38445e3e5a5bc6091cd4635"
  integrity sha512-V+vmRH3/4u+ybwZi9crSDdJzzoGj7PM4vJyPIZxS0jrT+7GxBP2LTrZXgXAlmS83yvOzEz3R+Xq6nsCB2EwLhA==
  dependencies:
    "@ant-design/icons" "^5.0.0"
    "@ant-design/pro-provider" "^2.10.2"
    "@ant-design/pro-utils" "^2.11.3"
    "@babel/runtime" "^7.18.0"
    classnames "^2.3.2"
    omit.js "^2.0.2"
    rc-resize-observer "^1.0.0"
    rc-util "^5.4.0"

"@ant-design/pro-descriptions@^2.3.5":
  version "2.3.5"
  resolved "https://registry.yarnpkg.com/@ant-design/pro-descriptions/-/pro-descriptions-2.3.5.tgz#67a23fd08e7c690d2a2843c53333d53c3843f2cd"
  integrity sha512-l00AESg/d6UUZisxLLE6xRdbaEI69TCuCfhP03lVoFNoVChqIeJEQa74rNUWk3Fe1xdAvCH3uHNlpCU7hYb1VQ==
  dependencies:
    "@ant-design/pro-field" "^2.9.5"
    "@ant-design/pro-form" "^2.13.5"
    "@ant-design/pro-skeleton" "^2.1.5"
    "@ant-design/pro-utils" "^2.11.3"
    "@babel/runtime" "^7.18.0"
    rc-resize-observer "^0.2.3"
    rc-util "^5.0.6"
    use-json-comparison "^1.0.5"

"@ant-design/pro-field@^2.9.5":
  version "2.9.5"
  resolved "https://registry.yarnpkg.com/@ant-design/pro-field/-/pro-field-2.9.5.tgz#4ccbd2e02b6ae49677fcbde5096b04e4b69003ec"
  integrity sha512-yPWR5u5rkIqC2rRjng0NJwLqcrC//DpMny5wowcdzA/5l/X988jtR8TGXGUjjfTMPJjczc8FUxIPDcRVRFfsow==
  dependencies:
    "@ant-design/icons" "^5.0.0"
    "@ant-design/pro-provider" "^2.10.2"
    "@ant-design/pro-utils" "^2.11.3"
    "@babel/runtime" "^7.18.0"
    "@chenshuai2144/sketch-color" "^1.0.8"
    classnames "^2.3.2"
    dayjs "^1.11.4"
    lodash.tonumber "^4.0.3"
    omit.js "^2.0.2"
    rc-util "^5.4.0"
    swr "^2.0.0"

"@ant-design/pro-form@^2.13.5":
  version "2.13.5"
  resolved "https://registry.yarnpkg.com/@ant-design/pro-form/-/pro-form-2.13.5.tgz#164fb222615a119ffa4c98c3141e2fb0ced749e2"
  integrity sha512-VV+xOZ3VEWncGscMKil2qHBx2EXxZm17QxK7w/wS6B4AE1jeoBp5rbh95Why9JzVqA+yq0UHy5NgQU2sHb/r5A==
  dependencies:
    "@ant-design/icons" "^5.0.0"
    "@ant-design/pro-field" "^2.9.5"
    "@ant-design/pro-provider" "^2.10.2"
    "@ant-design/pro-utils" "^2.11.3"
    "@babel/runtime" "^7.18.0"
    "@chenshuai2144/sketch-color" "^1.0.7"
    "@umijs/use-params" "^1.0.9"
    classnames "^2.3.2"
    lodash.merge "^4.6.2"
    omit.js "^2.0.2"
    rc-resize-observer "^1.1.0"
    rc-util "^5.0.6"
    use-json-comparison "^1.0.5"
    use-media-antd-query "^1.1.0"

"@ant-design/pro-layout@^7.14.3":
  version "7.14.3"
  resolved "https://registry.yarnpkg.com/@ant-design/pro-layout/-/pro-layout-7.14.3.tgz#01063883a334060c41b72ec084c3e83200673952"
  integrity sha512-FcKj23f/laod2hfSSYfBbkjb9r74lZLgan8dylI+tngQnZKQc1o1a1f9If7CggkrhEdgDyIkIyFl9Ii/tfDa+A==
  dependencies:
    "@ant-design/icons" "^5.0.0"
    "@ant-design/pro-provider" "^2.10.2"
    "@ant-design/pro-utils" "^2.11.3"
    "@babel/runtime" "^7.18.0"
    "@umijs/route-utils" "^4.0.0"
    "@umijs/use-params" "^1.0.9"
    classnames "^2.3.2"
    lodash.merge "^4.6.2"
    omit.js "^2.0.2"
    path-to-regexp "2.4.0"
    rc-resize-observer "^1.1.0"
    rc-util "^5.0.6"
    swr "^2.0.0"
    use-json-comparison "^1.0.3"
    use-media-antd-query "^1.1.0"
    warning "^4.0.3"

"@ant-design/pro-provider@^2.10.2":
  version "2.10.2"
  resolved "https://registry.yarnpkg.com/@ant-design/pro-provider/-/pro-provider-2.10.2.tgz#3338afa88f35fe06da8f3573e7cf31c323cad456"
  integrity sha512-I0wfnP/fJUgGrl/9P5haMtITg8oHe2NOm83QKFVjqQWGYnA2V4O5rVqD+vdWveuaJ6rtCW8mEoeelfHF6nOnxw==
  dependencies:
    "@ant-design/cssinjs" "^1.9.1"
    "@babel/runtime" "^7.18.0"
    "@ctrl/tinycolor" "^3.4.0"
    rc-util "^5.0.1"
    swr "^2.0.0"

"@ant-design/pro-skeleton@^2.1.5":
  version "2.1.5"
  resolved "https://registry.yarnpkg.com/@ant-design/pro-skeleton/-/pro-skeleton-2.1.5.tgz#5872fc3edcf1c1f6cac4047bf283298430695c88"
  integrity sha512-zWi22D6d3neTftBG9+H9Gu3m2jYwd7EPR3Vz/OmlNDLfurFALkPUD3mmNDyDB14i46ZpD1yh4+M6XBgWkI9Prg==
  dependencies:
    "@babel/runtime" "^7.18.0"
    use-media-antd-query "^1.1.0"

"@ant-design/pro-table@^3.7.5":
  version "3.7.5"
  resolved "https://registry.yarnpkg.com/@ant-design/pro-table/-/pro-table-3.7.5.tgz#19d9c70ca0015439963a545667910c88f7b9f819"
  integrity sha512-RiHRoKKWOXPBSNoM07P00OnX6/TcMYYFle68Mo+WJcOohFAAN9NvQ2tbsFoVEfkL8Baok7JdyitHb3f3l0VFzg==
  dependencies:
    "@ant-design/icons" "^5.0.0"
    "@ant-design/pro-card" "^2.4.13"
    "@ant-design/pro-field" "^2.9.5"
    "@ant-design/pro-form" "^2.13.5"
    "@ant-design/pro-provider" "^2.10.2"
    "@ant-design/pro-utils" "^2.11.3"
    "@babel/runtime" "^7.18.0"
    "@dnd-kit/core" "^6.0.8"
    "@dnd-kit/sortable" "^7.0.2"
    "@dnd-kit/utilities" "^3.2.1"
    classnames "^2.3.2"
    dayjs "^1.11.4"
    omit.js "^2.0.2"
    rc-resize-observer "^1.0.0"
    rc-util "^5.0.1"
    use-json-comparison "^1.0.5"

"@ant-design/pro-utils@^2.11.3":
  version "2.11.3"
  resolved "https://registry.yarnpkg.com/@ant-design/pro-utils/-/pro-utils-2.11.3.tgz#847da90763f4157bc5e273bf0aa018af13ec28ae"
  integrity sha512-Sd2oHzhQlSJ0svaD3Ih3v2VeXPnYWwJ05ul+ek8i9GWAGnFWD0yDTawGj7pDZwCQwJYaLpAzPHhfNvq3Led0/w==
  dependencies:
    "@ant-design/icons" "^5.0.0"
    "@ant-design/pro-provider" "^2.10.2"
    "@babel/runtime" "^7.18.0"
    classnames "^2.3.2"
    dayjs "^1.11.4"
    rc-util "^5.0.6"
    swr "^2.0.0"

"@ant-design/react-slick@~1.0.0":
  version "1.0.1"
  resolved "https://registry.yarnpkg.com/@ant-design/react-slick/-/react-slick-1.0.1.tgz#af10e67ef9a233df5610c36313a5c804ccc2ae6b"
  integrity sha512-ARM0TmpGdDuUVE10NwUCENQlJSInNKo5NiBjL5szu5BxWNEHNwQMcDrlVCqFbkvFLy+2CvywW8Y59QJtC0YDag==
  dependencies:
    "@babel/runtime" "^7.10.4"
    classnames "^2.2.5"
    json2mq "^0.2.0"
    resize-observer-polyfill "^1.5.1"
    throttle-debounce "^5.0.0"

"@aomi/common-service@1.0.5-Alpha.26":
  version "1.0.5-Alpha.26"
  resolved "https://registry.yarnpkg.com/@aomi/common-service/-/common-service-1.0.5-Alpha.26.tgz#0481d84d3a166556119c59d76ea14a1d6df39885"
  integrity sha512-0qfxPjQEYE28gfw6lbWNNS7qu3oBsHOcQli/xbNRgS4RS+VmC1AmT31H89OExIipA3jjXLE6eDYn+Zfll2/5yQ==

"@aomi/react-antd@^1.0.0-Alpha.11":
  version "1.0.0-Alpha.11"
  resolved "https://registry.yarnpkg.com/@aomi/react-antd/-/react-antd-1.0.0-Alpha.11.tgz#697222040253fb9e0ec67810eb64715ade5e5733"
  integrity sha512-8XZLwN7/G+Wx9LvylweggJc4kmcPM/pSVfUjzp3MgNBZb61qYRsJqqV0d71hkLGize7VMNZS6t4ZanSCaGtsYg==

"@aomi/utils@^1.0.2":
  version "1.0.2"
  resolved "https://registry.yarnpkg.com/@aomi/utils/-/utils-1.0.2.tgz#dd3ca5fb6913fbc5385e16b0116f557f60e8011f"
  integrity sha512-IAnpIQibbvYCxi1IqSgLC8JurU+gsr9Nw3aiCiI1HXbafSTCH3iP4D6ZNtU0gTUADVPWziNi2wa7OO1KGjtM7w==

"@babel/runtime@^7.10.1", "@babel/runtime@^7.10.4", "@babel/runtime@^7.11.1", "@babel/runtime@^7.11.2", "@babel/runtime@^7.12.5":
  version "7.17.9"
  resolved "https://registry.yarnpkg.com/@babel/runtime/-/runtime-7.17.9.tgz#d19fbf802d01a8cb6cf053a64e472d42c434ba72"
  integrity sha512-lSiBBvodq29uShpWGNbgFdKYNiFDo5/HIYsaCEY9ff4sb10x9jizo2+pRrSyF4jKZCXqgzuqBOQKbUm90gQwJg==
  dependencies:
    regenerator-runtime "^0.13.4"

"@babel/runtime@^7.16.7", "@babel/runtime@^7.20.0", "@babel/runtime@^7.20.7", "@babel/runtime@^7.21.0":
  version "7.22.3"
  resolved "https://registry.yarnpkg.com/@babel/runtime/-/runtime-7.22.3.tgz#0a7fce51d43adbf0f7b517a71f4c3aaca92ebcbb"
  integrity sha512-XsDuspWKLUsxwCp6r7EhsExHtYfbe5oAGQ19kqngTdCPUoPQzOPdUbD/pB9PJiwb2ptYKQDjSJT3R6dC+EPqfQ==
  dependencies:
    regenerator-runtime "^0.13.11"

"@babel/runtime@^7.18.0", "@babel/runtime@^7.18.3":
  version "7.18.3"
  resolved "https://registry.yarnpkg.com/@babel/runtime/-/runtime-7.18.3.tgz#c7b654b57f6f63cf7f8b418ac9ca04408c4579f4"
  integrity sha512-38Y8f7YUhce/K7RMwTp7m0uCumpv9hZkitCbBClqQIow1qSbCvGkcegKOXpEWCQLfWmevgRiWokZ1GkpfhbZug==
  dependencies:
    regenerator-runtime "^0.13.4"

"@chenshuai2144/sketch-color@^1.0.7":
  version "1.0.9"
  resolved "https://registry.yarnpkg.com/@chenshuai2144/sketch-color/-/sketch-color-1.0.9.tgz#41144e2d9656bff2143516d4e8e62e5003bd466a"
  integrity sha512-obzSy26cb7Pm7OprWyVpgMpIlrZpZ0B7vbrU0RMbvRg0YAI890S5Xy02Aj1Nhl4+KTbi1lVYHt6HQP8Hm9s+1w==
  dependencies:
    reactcss "^1.2.3"
    tinycolor2 "^1.4.2"

"@chenshuai2144/sketch-color@^1.0.8":
  version "1.0.8"
  resolved "https://registry.yarnpkg.com/@chenshuai2144/sketch-color/-/sketch-color-1.0.8.tgz#5cde7ac1dae5687223a8f751b0e4f77a5776d566"
  integrity sha512-dPAzzWc+w7zyTAi71WXYZpiTYyIS80MxYyy2E/7jufhnJI1Z29wCPL35VvuJ/gs5zYpF2+w/B7BizWa2zKXpGw==
  dependencies:
    reactcss "^1.2.3"
    tinycolor2 "^1.4.2"

"@ctrl/tinycolor@^3.4.0":
  version "3.4.1"
  resolved "https://registry.yarnpkg.com/@ctrl/tinycolor/-/tinycolor-3.4.1.tgz#75b4c27948c81e88ccd3a8902047bcd797f38d32"
  integrity sha512-ej5oVy6lykXsvieQtqZxCOaLT+xD4+QNarq78cIYISHmZXshCvROLudpQN3lfL8G0NL7plMSSK+zlyvCaIJ4Iw==

"@ctrl/tinycolor@^3.6.0":
  version "3.6.0"
  resolved "https://registry.yarnpkg.com/@ctrl/tinycolor/-/tinycolor-3.6.0.tgz#53fa5fe9c34faee89469e48f91d51a3766108bc8"
  integrity sha512-/Z3l6pXthq0JvMYdUFyX9j0MaCltlIn6mfh9jLyQwg5aPKxkyNa0PTHtU1AlFXLNk55ZuAeJRcpvq+tmLfKmaQ==

"@dnd-kit/accessibility@^3.0.0":
  version "3.0.1"
  resolved "https://registry.yarnpkg.com/@dnd-kit/accessibility/-/accessibility-3.0.1.tgz#3ccbefdfca595b0a23a5dc57d3de96bc6935641c"
  integrity sha512-HXRrwS9YUYQO9lFRc/49uO/VICbM+O+ZRpFDe9Pd1rwVv2PCNkRiTZRdxrDgng/UkvdC3Re9r2vwPpXXrWeFzg==
  dependencies:
    tslib "^2.0.0"

"@dnd-kit/core@^6.0.8":
  version "6.0.8"
  resolved "https://registry.yarnpkg.com/@dnd-kit/core/-/core-6.0.8.tgz#040ae13fea9787ee078e5f0361f3b49b07f3f005"
  integrity sha512-lYaoP8yHTQSLlZe6Rr9qogouGUz9oRUj4AHhDQGQzq/hqaJRpFo65X+JKsdHf8oUFBzx5A+SJPUvxAwTF2OabA==
  dependencies:
    "@dnd-kit/accessibility" "^3.0.0"
    "@dnd-kit/utilities" "^3.2.1"
    tslib "^2.0.0"

"@dnd-kit/sortable@^7.0.2":
  version "7.0.2"
  resolved "https://registry.yarnpkg.com/@dnd-kit/sortable/-/sortable-7.0.2.tgz#791d550872457f3f3c843e00d159b640f982011c"
  integrity sha512-wDkBHHf9iCi1veM834Gbk1429bd4lHX4RpAwT0y2cHLf246GAvU2sVw/oxWNpPKQNQRQaeGXhAVgrOl1IT+iyA==
  dependencies:
    "@dnd-kit/utilities" "^3.2.0"
    tslib "^2.0.0"

"@dnd-kit/utilities@^3.2.0", "@dnd-kit/utilities@^3.2.1":
  version "3.2.1"
  resolved "https://registry.yarnpkg.com/@dnd-kit/utilities/-/utilities-3.2.1.tgz#53f9e2016fd2506ec49e404c289392cfff30332a"
  integrity sha512-OOXqISfvBw/1REtkSK2N3Fi2EQiLMlWUlqnOK/UpOISqBZPWpE6TqL+jcPtMOkE8TqYGiURvRdPSI9hltNUjEA==
  dependencies:
    tslib "^2.0.0"

"@emotion/hash@^0.8.0":
  version "0.8.0"
  resolved "https://registry.yarnpkg.com/@emotion/hash/-/hash-0.8.0.tgz#bbbff68978fefdbe68ccb533bc8cbe1d1afb5413"
  integrity sha512-kBJtf7PH6aWwZ6fka3zQ0p6SBYzx4fl1LoZXE2RrnYST9Xljm7WfKJrU4g/Xr3Beg72MLrp1AWNUmuYJTL7Cow==

"@emotion/unitless@^0.7.5":
  version "0.7.5"
  resolved "https://registry.yarnpkg.com/@emotion/unitless/-/unitless-0.7.5.tgz#77211291c1900a700b8a78cfafda3160d76949ed"
  integrity sha512-OWORNpfjMsSSUBVrRBVGECkhWcULOAJz9ZW8uK9qgxD+87M7jHRcvh/A96XXNhXTLmKcoYSQtBEX7lHMO7YRwg==

"@rc-component/color-picker@~1.2.0":
  version "1.2.0"
  resolved "https://registry.yarnpkg.com/@rc-component/color-picker/-/color-picker-1.2.0.tgz#964c86e85f0791703c7f1ec842e7476bcb41954d"
  integrity sha512-IitJ6RWGHs7btI1AqzGPrehr5bueWLGDUyMKwDwvFunfSDo/o8g/95kUG55vC5EYLM0ZJ3SDfw45OrW5KAx3oA==
  dependencies:
    "@babel/runtime" "^7.10.1"
    "@ctrl/tinycolor" "^3.6.0"
    classnames "^2.2.6"
    rc-util "^5.30.0"

"@rc-component/context@^1.3.0":
  version "1.3.0"
  resolved "https://registry.yarnpkg.com/@rc-component/context/-/context-1.3.0.tgz#608ccf0abcbec9406751b17a4b35db08e481c110"
  integrity sha512-6QdaCJ7Wn5UZLJs15IEfqy4Ru3OaL5ctqpQYWd5rlfV9wwzrzdt6+kgAQZV/qdB0MUPN4nhyBfRembQCIvBf+w==
  dependencies:
    "@babel/runtime" "^7.10.1"
    rc-util "^5.27.0"

"@rc-component/mini-decimal@^1.0.1":
  version "1.0.1"
  resolved "https://registry.yarnpkg.com/@rc-component/mini-decimal/-/mini-decimal-1.0.1.tgz#e5dbc20a6a5b0e234d279bc71ce730ab865d3910"
  integrity sha512-9N8nRk0oKj1qJzANKl+n9eNSMUGsZtjwNuDCiZ/KA+dt1fE3zq5x2XxclRcAbOIXnZcJ53ozP2Pa60gyELXagA==
  dependencies:
    "@babel/runtime" "^7.18.0"

"@rc-component/mutate-observer@^1.0.0":
  version "1.0.0"
  resolved "https://registry.yarnpkg.com/@rc-component/mutate-observer/-/mutate-observer-1.0.0.tgz#ce99af3239ed9c74ee3e7302f1c67098de920b46"
  integrity sha512-okqRJSfNisXdI6CUeOLZC5ukBW/8kir2Ii4PJiKpUt+3+uS7dxwJUMxsUZquxA1rQuL8YcEmKVp/TCnR+yUdZA==
  dependencies:
    "@babel/runtime" "^7.18.0"
    classnames "^2.3.2"
    rc-util "^5.24.4"

"@rc-component/portal@^1.0.0-8", "@rc-component/portal@^1.0.0-9", "@rc-component/portal@^1.0.2", "@rc-component/portal@^1.1.0", "@rc-component/portal@^1.1.1":
  version "1.1.1"
  resolved "https://registry.yarnpkg.com/@rc-component/portal/-/portal-1.1.1.tgz#1a30ffe51c240b54360cba8e8bfc5d1f559325c4"
  integrity sha512-m8w3dFXX0H6UkJ4wtfrSwhe2/6M08uz24HHrF8pWfAXPwA9hwCuTE5per/C86KwNLouRpwFGcr7LfpHaa1F38g==
  dependencies:
    "@babel/runtime" "^7.18.0"
    classnames "^2.3.2"
    rc-util "^5.24.4"

"@rc-component/tour@~1.8.0":
  version "1.8.0"
  resolved "https://registry.yarnpkg.com/@rc-component/tour/-/tour-1.8.0.tgz#fda8b533e36db1d4254e3ffbcefe3395c346eb1c"
  integrity sha512-rrRGioHTLQlGca27G2+lw7QpRb3uuMYCUIJjj31/B44VCJS0P2tqYhOgtzvWQmaLMlWH3ZlpzotkKX13NT4XEA==
  dependencies:
    "@babel/runtime" "^7.18.0"
    "@rc-component/portal" "^1.0.0-9"
    "@rc-component/trigger" "^1.3.6"
    classnames "^2.3.2"
    rc-util "^5.24.4"

"@rc-component/trigger@^1.0.4", "@rc-component/trigger@^1.13.0", "@rc-component/trigger@^1.3.6", "@rc-component/trigger@^1.5.0", "@rc-component/trigger@^1.6.2", "@rc-component/trigger@^1.7.0":
  version "1.13.4"
  resolved "https://registry.yarnpkg.com/@rc-component/trigger/-/trigger-1.13.4.tgz#b3d1aeae7b61b7a87b56900c5198744cd6ebe53c"
  integrity sha512-DMRCHCOTgX1tpWSu6Lq0hhzktmgwY859JuSUZAerS+ocbqiB9nDR9n1JwJJREa8fGvc7U/8SovoPl0qLDsrKew==
  dependencies:
    "@babel/runtime" "^7.18.3"
    "@rc-component/portal" "^1.1.0"
    classnames "^2.3.2"
    rc-align "^4.0.0"
    rc-motion "^2.0.0"
    rc-resize-observer "^1.3.1"
    rc-util "^5.33.0"

"@types/prop-types@*":
  version "15.7.5"
  resolved "https://registry.yarnpkg.com/@types/prop-types/-/prop-types-15.7.5.tgz#5f19d2b85a98e9558036f6a3cacc8819420f05cf"
  integrity sha512-JCB8C6SnDoQf0cNycqd/35A7MjcnK+ZTqE7judS6o7utxUCg6imJg3QK2qzHKszlTjcj2cn+NwMB2i96ubpj7w==

"@types/react-dom@^18.2.4":
  version "18.2.4"
  resolved "https://registry.yarnpkg.com/@types/react-dom/-/react-dom-18.2.4.tgz#13f25bfbf4e404d26f62ac6e406591451acba9e0"
  integrity sha512-G2mHoTMTL4yoydITgOGwWdWMVd8sNgyEP85xVmMKAPUBwQWm9wBPQUmvbeF4V3WBY1P7mmL4BkjQ0SqUpf1snw==
  dependencies:
    "@types/react" "*"

"@types/react@*":
  version "18.0.8"
  resolved "https://registry.yarnpkg.com/@types/react/-/react-18.0.8.tgz#a051eb380a9fbcaa404550543c58e1cf5ce4ab87"
  integrity sha512-+j2hk9BzCOrrOSJASi5XiOyBbERk9jG5O73Ya4M0env5Ixi6vUNli4qy994AINcEF+1IEHISYFfIT4zwr++LKw==
  dependencies:
    "@types/prop-types" "*"
    "@types/scheduler" "*"
    csstype "^3.0.2"

"@types/react@^18.2.8":
  version "18.2.8"
  resolved "https://registry.yarnpkg.com/@types/react/-/react-18.2.8.tgz#a77dcffe4e9af148ca4aa8000c51a1e8ed99e2c8"
  integrity sha512-lTyWUNrd8ntVkqycEEplasWy2OxNlShj3zqS0LuB1ENUGis5HodmhM7DtCoUGbxj3VW/WsGA0DUhpG6XrM7gPA==
  dependencies:
    "@types/prop-types" "*"
    "@types/scheduler" "*"
    csstype "^3.0.2"

"@types/scheduler@*":
  version "0.16.2"
  resolved "https://registry.yarnpkg.com/@types/scheduler/-/scheduler-0.16.2.tgz#1a62f89525723dde24ba1b01b092bf5df8ad4d39"
  integrity sha512-hppQEBDmlwhFAXKJX2KnWLYu5yMfi91yazPb2l+lbJiwW+wdo1gNeRA+3RgNSO39WYX2euey41KEwnqesU2Jew==

"@umijs/route-utils@^4.0.0":
  version "4.0.1"
  resolved "https://registry.yarnpkg.com/@umijs/route-utils/-/route-utils-4.0.1.tgz#156df5b3f2328059722d3ee7dd8f65e18c3cde8b"
  integrity sha512-+1ixf1BTOLuH+ORb4x8vYMPeIt38n9q0fJDwhv9nSxrV46mxbLF0nmELIo9CKQB2gHfuC4+hww6xejJ6VYnBHQ==

"@umijs/use-params@^1.0.9":
  version "1.0.9"
  resolved "https://registry.yarnpkg.com/@umijs/use-params/-/use-params-1.0.9.tgz#0ae4a87f4922d8e8e3fb4495b0f8f4de9ca38c52"
  integrity sha512-QlN0RJSBVQBwLRNxbxjQ5qzqYIGn+K7USppMoIOVlf7fxXHsnQZ2bEsa6Pm74bt6DVQxpUE8HqvdStn6Y9FV1w==

antd@^5.6.1:
  version "5.6.1"
  resolved "https://registry.yarnpkg.com/antd/-/antd-5.6.1.tgz#ded8aa4431c41e09c7065f8202ba2f8fdd13153e"
  integrity sha512-ZuY6MATmONRCrHL53BwM3t/GruwhNcPJsKtRQLyo6TWJFkdPBd4gASfHsgKWRlXnN767IG8ioxDS5hlV6GsGHg==
  dependencies:
    "@ant-design/colors" "^7.0.0"
    "@ant-design/cssinjs" "^1.10.1"
    "@ant-design/icons" "^5.1.0"
    "@ant-design/react-slick" "~1.0.0"
    "@babel/runtime" "^7.18.3"
    "@ctrl/tinycolor" "^3.6.0"
    "@rc-component/color-picker" "~1.2.0"
    "@rc-component/mutate-observer" "^1.0.0"
    "@rc-component/tour" "~1.8.0"
    "@rc-component/trigger" "^1.13.0"
    classnames "^2.2.6"
    copy-to-clipboard "^3.2.0"
    dayjs "^1.11.1"
    qrcode.react "^3.1.0"
    rc-cascader "~3.12.0"
    rc-checkbox "~3.0.0"
    rc-collapse "~3.7.0"
    rc-dialog "~9.1.0"
    rc-drawer "~6.2.0"
    rc-dropdown "~4.1.0"
    rc-field-form "~1.32.0"
    rc-image "~5.17.1"
    rc-input "~1.0.4"
    rc-input-number "~7.4.0"
    rc-mentions "~2.3.0"
    rc-menu "~9.9.2"
    rc-motion "^2.7.3"
    rc-notification "~5.0.4"
    rc-pagination "~3.5.0"
    rc-picker "~3.8.0"
    rc-progress "~3.4.1"
    rc-rate "~2.12.0"
    rc-resize-observer "^1.2.0"
    rc-segmented "~2.2.0"
    rc-select "~14.5.0"
    rc-slider "~10.1.0"
    rc-steps "~6.0.0"
    rc-switch "~4.1.0"
    rc-table "~7.32.1"
    rc-tabs "~12.7.0"
    rc-textarea "~1.2.2"
    rc-tooltip "~6.0.0"
    rc-tree "~5.7.4"
    rc-tree-select "~5.9.0"
    rc-upload "~4.3.0"
    rc-util "^5.32.0"
    scroll-into-view-if-needed "^3.0.3"
    throttle-debounce "^5.0.0"

array-tree-filter@^2.1.0:
  version "2.1.0"
  resolved "https://registry.yarnpkg.com/array-tree-filter/-/array-tree-filter-2.1.0.tgz#873ac00fec83749f255ac8dd083814b4f6329190"
  integrity sha512-4ROwICNlNw/Hqa9v+rk5h22KjmzB1JGTMVKP2AKJBOCgb0yL0ASf0+YvCcLNNwquOHNX48jkeZIJ3a+oOQqKcw==

async-validator@^4.1.0:
  version "4.1.1"
  resolved "https://registry.yarnpkg.com/async-validator/-/async-validator-4.1.1.tgz#3cd1437faa2de64743f7d56649dd904c946a18fe"
  integrity sha512-p4DO/JXwjs8klJyJL8Q2oM4ks5fUTze/h5k10oPPKMiLe1fj3G1QMzPHNmN1Py4ycOk7WlO2DcGXv1qiESJCZA==

classnames@2.x, classnames@^2.2.1, classnames@^2.2.3, classnames@^2.2.5, classnames@^2.2.6, classnames@^2.3.1:
  version "2.3.1"
  resolved "https://registry.yarnpkg.com/classnames/-/classnames-2.3.1.tgz#dfcfa3891e306ec1dad105d0e88f4417b8535e8e"
  integrity sha512-OlQdbZ7gLfGarSqxesMesDa5uz7KFbID8Kpq/SxIoNGDqY8lSYs0D+hhtBXhcdB3rcbXArFr7vlHheLk1voeNA==

classnames@^2.3.2:
  version "2.3.2"
  resolved "https://registry.yarnpkg.com/classnames/-/classnames-2.3.2.tgz#351d813bf0137fcc6a76a16b88208d2560a0d924"
  integrity sha512-CSbhY4cFEJRe6/GQzIk5qXZ4Jeg5pcsP7b5peFSDpffpe1cqjASH/n9UTjBwOp6XpMSTwQ8Za2K5V02ueA7Tmw==

compute-scroll-into-view@^3.0.2:
  version "3.0.3"
  resolved "https://registry.yarnpkg.com/compute-scroll-into-view/-/compute-scroll-into-view-3.0.3.tgz#c418900a5c56e2b04b885b54995df164535962b1"
  integrity sha512-nadqwNxghAGTamwIqQSG433W6OADZx2vCo3UXHNrzTRHK/htu+7+L0zhjEoaeaQVNAi3YgqWDv8+tzf0hRfR+A==

copy-to-clipboard@^3.2.0:
  version "3.3.1"
  resolved "https://registry.yarnpkg.com/copy-to-clipboard/-/copy-to-clipboard-3.3.1.tgz#115aa1a9998ffab6196f93076ad6da3b913662ae"
  integrity sha512-i13qo6kIHTTpCm8/Wup+0b1mVWETvu2kIMzKoK8FpkLkFxlt0znUAHcMzox+T8sPlqtZXq3CulEjQHsYiGFJUw==
  dependencies:
    toggle-selection "^1.0.6"

csstype@^3.0.10:
  version "3.1.2"
  resolved "https://registry.yarnpkg.com/csstype/-/csstype-3.1.2.tgz#1d4bf9d572f11c14031f0436e1c10bc1f571f50b"
  integrity sha512-I7K1Uu0MBPzaFKg4nI5Q7Vs2t+3gWWW648spaF+Rg7pI9ds18Ugn+lvg4SHczUdKlHI5LWBXyqfS8+DufyBsgQ==

csstype@^3.0.2:
  version "3.0.11"
  resolved "https://registry.yarnpkg.com/csstype/-/csstype-3.0.11.tgz#d66700c5eacfac1940deb4e3ee5642792d85cd33"
  integrity sha512-sa6P2wJ+CAbgyy4KFssIb/JNMLxFvKF1pCYCSXS8ZMuqZnMsrxqI2E5sPyoTpxoPU/gVZMzr2zjOfg8GIZOMsw==

dayjs@^1.11.1, dayjs@^1.11.4:
  version "1.11.8"
  resolved "https://registry.yarnpkg.com/dayjs/-/dayjs-1.11.8.tgz#4282f139c8c19dd6d0c7bd571e30c2d0ba7698ea"
  integrity sha512-LcgxzFoWMEPO7ggRv1Y2N31hUf2R0Vj7fuy/m+Bg1K8rr+KAs1AEy4y9jd5DXe8pbHgX+srkHNS7TH6Q6ZhYeQ==

dom-align@^1.7.0:
  version "1.12.3"
  resolved "https://registry.yarnpkg.com/dom-align/-/dom-align-1.12.3.tgz#a36d02531dae0eefa2abb0c4db6595250526f103"
  integrity sha512-Gj9hZN3a07cbR6zviMUBOMPdWxYhbMI+x+WS0NAIu2zFZmbK8ys9R79g+iG9qLnlCwpFoaB+fKy8Pdv470GsPA==

"js-tokens@^3.0.0 || ^4.0.0":
  version "4.0.0"
  resolved "https://registry.yarnpkg.com/js-tokens/-/js-tokens-4.0.0.tgz#19203fb59991df98e3a287050d4647cdeaf32499"
  integrity sha512-RdJUflcE3cUzKiMqQgsCu06FPu9UdIJO0beYbPhHN4k6apgJtifcoCtT9bcxOpYBtpD2kCM6Sbzg4CausW/PKQ==

json2mq@^0.2.0:
  version "0.2.0"
  resolved "https://registry.yarnpkg.com/json2mq/-/json2mq-0.2.0.tgz#b637bd3ba9eabe122c83e9720483aeb10d2c904a"
  integrity sha1-tje9O6nqvhIsg+lyBIOusQ0skEo=
  dependencies:
    string-convert "^0.2.0"

lodash.merge@^4.6.2:
  version "4.6.2"
  resolved "https://registry.yarnpkg.com/lodash.merge/-/lodash.merge-4.6.2.tgz#558aa53b43b661e1925a0afdfa36a9a1085fe57a"
  integrity sha512-0KpjqXRVvrYyCsX1swR/XTK0va6VQkQM6MNo7PqW77ByjAhoARA8EfrP1N4+KlKj8YS0ZUCtRT/YUuhyYDujIQ==

lodash.tonumber@^4.0.3:
  version "4.0.3"
  resolved "https://registry.yarnpkg.com/lodash.tonumber/-/lodash.tonumber-4.0.3.tgz#0b96b31b35672793eb7f5a63ee791f1b9e9025d9"
  integrity sha1-C5azGzVnJ5Prf1pj7nkfG56QJdk=

lodash@^4.0.1, lodash@^4.17.21:
  version "4.17.21"
  resolved "https://registry.yarnpkg.com/lodash/-/lodash-4.17.21.tgz#679591c564c3bffaae8454cf0b3df370c3d6911c"
  integrity sha512-v2kDEe57lecTulaDIuNTPy3Ry4gLGJ6Z1O3vE1krgXZNrsQ+LFTGHVxVjcXPs17LhbZVGedAJv8XZ1tvj5FvSg==

loose-envify@^1.0.0, loose-envify@^1.1.0:
  version "1.4.0"
  resolved "https://registry.yarnpkg.com/loose-envify/-/loose-envify-1.4.0.tgz#71ee51fa7be4caec1a63839f7e682d8132d30caf"
  integrity sha512-lyuxPGr/Wfhrlem2CL/UcnUc1zcqKAImBDzukY7Y5F/yQiNdko6+fRLevlw1HgMySw7f611UIY408EtxRSoK3Q==
  dependencies:
    js-tokens "^3.0.0 || ^4.0.0"

mobx-react-lite@^3.4.0:
  version "3.4.3"
  resolved "https://registry.yarnpkg.com/mobx-react-lite/-/mobx-react-lite-3.4.3.tgz#3a4c22c30bfaa8b1b2aa48d12b2ba811c0947ab7"
  integrity sha512-NkJREyFTSUXR772Qaai51BnE1voWx56LOL80xG7qkZr6vo8vEaLF3sz1JNUVh+rxmUzxYaqOhfuxTfqUh0FXUg==

mobx-react@^7.6.0:
  version "7.6.0"
  resolved "https://registry.yarnpkg.com/mobx-react/-/mobx-react-7.6.0.tgz#ebf0456728a9bd2e5c24fdcf9b36e285a222a7d6"
  integrity sha512-+HQUNuh7AoQ9ZnU6c4rvbiVVl+wEkb9WqYsVDzGLng+Dqj1XntHu79PvEWKtSMoMj67vFp/ZPXcElosuJO8ckA==
  dependencies:
    mobx-react-lite "^3.4.0"

omit.js@^2.0.2:
  version "2.0.2"
  resolved "https://registry.yarnpkg.com/omit.js/-/omit.js-2.0.2.tgz#dd9b8436fab947a5f3ff214cb2538631e313ec2f"
  integrity sha512-hJmu9D+bNB40YpL9jYebQl4lsTW6yEHRTroJzNLqQJYHm7c+NQnJGfZmIWh8S3q3KoaxV1aLhV6B3+0N0/kyJg==

path-to-regexp@2.4.0:
  version "2.4.0"
  resolved "https://registry.yarnpkg.com/path-to-regexp/-/path-to-regexp-2.4.0.tgz#35ce7f333d5616f1c1e1bfe266c3aba2e5b2e704"
  integrity sha512-G6zHoVqC6GGTQkZwF4lkuEyMbVOjoBKAEybQUypI1WTkqinCOrq2x6U2+phkJ1XsEMTy4LjtwPI7HW+NVrRR2w==

qrcode.react@^3.1.0:
  version "3.1.0"
  resolved "https://registry.yarnpkg.com/qrcode.react/-/qrcode.react-3.1.0.tgz#5c91ddc0340f768316fbdb8fff2765134c2aecd8"
  integrity sha512-oyF+Urr3oAMUG/OiOuONL3HXM+53wvuH3mtIWQrYmsXoAq0DkvZp2RYUWFSMFtbdOpuS++9v+WAkzNVkMlNW6Q==

rc-align@^4.0.0:
  version "4.0.12"
  resolved "https://registry.yarnpkg.com/rc-align/-/rc-align-4.0.12.tgz#065b5c68a1cc92a00800c9239320d9fdf5f16207"
  integrity sha512-3DuwSJp8iC/dgHzwreOQl52soj40LchlfUHtgACOUtwGuoFIOVh6n/sCpfqCU8kO5+iz6qR0YKvjgB8iPdE3aQ==
  dependencies:
    "@babel/runtime" "^7.10.1"
    classnames "2.x"
    dom-align "^1.7.0"
    lodash "^4.17.21"
    rc-util "^5.3.0"
    resize-observer-polyfill "^1.5.1"

rc-cascader@~3.12.0:
  version "3.12.0"
  resolved "https://registry.yarnpkg.com/rc-cascader/-/rc-cascader-3.12.0.tgz#709fdbede6c36f7e62d0daea76ba76b825cc7182"
  integrity sha512-QTeGPTNYX33alozNy9lYg7YKpvYVwquai/mrFRR8mHlHnK7QlqJyMqbs2p7rc5eeKARKMRTUeoN5CfO+Gr9UBw==
  dependencies:
    "@babel/runtime" "^7.12.5"
    array-tree-filter "^2.1.0"
    classnames "^2.3.1"
    rc-select "~14.5.0"
    rc-tree "~5.7.0"
    rc-util "^5.6.1"

rc-checkbox@~3.0.0:
  version "3.0.1"
  resolved "https://registry.yarnpkg.com/rc-checkbox/-/rc-checkbox-3.0.1.tgz#f978771329be339d479cd81465eb2e2f8c82bc87"
  integrity sha512-k7nxDWxYF+jDI0ZcCvuvj71xONmWRVe5+1MKcERRR9MRyP3tZ69b+yUCSXXh+sik4/Hc9P5wHr2nnUoGS2zBjA==
  dependencies:
    "@babel/runtime" "^7.10.1"
    classnames "^2.3.2"
    rc-util "^5.25.2"

rc-collapse@~3.7.0:
  version "3.7.0"
  resolved "https://registry.yarnpkg.com/rc-collapse/-/rc-collapse-3.7.0.tgz#75116b7142371940ff9fdce61a9e48561b53bbfc"
  integrity sha512-Cir1c89cENiK5wryd9ut+XltrIfx/+KH1/63uJIVjuXkgfrIvIy6W1fYGgEYtttbHW2fEfxg1s31W+Vm98fSRw==
  dependencies:
    "@babel/runtime" "^7.10.1"
    classnames "2.x"
    rc-motion "^2.3.4"
    rc-util "^5.27.0"

rc-dialog@~9.1.0:
  version "9.1.0"
  resolved "https://registry.yarnpkg.com/rc-dialog/-/rc-dialog-9.1.0.tgz#6bf6fcc0453503b7643e54a5a445e835e3850649"
  integrity sha512-5ry+JABAWEbaKyYsmITtrJbZbJys8CtMyzV8Xn4LYuXMeUx5XVHNyJRoqLFE4AzBuXXzOWeaC49cg+XkxK6kHA==
  dependencies:
    "@babel/runtime" "^7.10.1"
    "@rc-component/portal" "^1.0.0-8"
    classnames "^2.2.6"
    rc-motion "^2.3.0"
    rc-util "^5.21.0"

rc-drawer@~6.2.0:
  version "6.2.0"
  resolved "https://registry.yarnpkg.com/rc-drawer/-/rc-drawer-6.2.0.tgz#fddf4825b0fa9d60e317b996f70278d594d1f668"
  integrity sha512-spPkZ3WvP0U0vy5dyzSwlUJ/+vLFtjP/cTwSwejhQRoDBaexSZHsBhELoCZcEggI7LQ7typmtG30lAue2HEhvA==
  dependencies:
    "@babel/runtime" "^7.10.1"
    "@rc-component/portal" "^1.1.1"
    classnames "^2.2.6"
    rc-motion "^2.6.1"
    rc-util "^5.21.2"

rc-dropdown@~4.1.0:
  version "4.1.0"
  resolved "https://registry.yarnpkg.com/rc-dropdown/-/rc-dropdown-4.1.0.tgz#418a68939631520de80d0865d02b440eeeb4168e"
  integrity sha512-VZjMunpBdlVzYpEdJSaV7WM7O0jf8uyDjirxXLZRNZ+tAC+NzD3PXPEtliFwGzVwBBdCmGuSqiS9DWcOLxQ9tw==
  dependencies:
    "@babel/runtime" "^7.18.3"
    "@rc-component/trigger" "^1.7.0"
    classnames "^2.2.6"
    rc-util "^5.17.0"

rc-field-form@~1.32.0:
  version "1.32.0"
  resolved "https://registry.yarnpkg.com/rc-field-form/-/rc-field-form-1.32.0.tgz#d8bba0ef8d40f04fb3aeb01f3f2d9067338ee501"
  integrity sha512-vr5pA0/gWiBZf0HKdevQJcWSsAac10Z8Nj1Brs3OOCnExk7l+u8GtsW+4cRSqJLug5fxV11dOGXpxf7+aHT/2A==
  dependencies:
    "@babel/runtime" "^7.18.0"
    async-validator "^4.1.0"
    rc-util "^5.32.2"

rc-image@~5.17.1:
  version "5.17.1"
  resolved "https://registry.yarnpkg.com/rc-image/-/rc-image-5.17.1.tgz#71835b12c30fcef533de0dbbbaf13caa86454612"
  integrity sha512-oR4eviLyQxd/5A7pn843w2/Z1wuBA27L2lS4agq0sjl2z97ssNIVEzRzgwgB0ZxVZG/qSu9Glit2Zgzb/n+blQ==
  dependencies:
    "@babel/runtime" "^7.11.2"
    "@rc-component/portal" "^1.0.2"
    classnames "^2.2.6"
    rc-dialog "~9.1.0"
    rc-motion "^2.6.2"
    rc-util "^5.0.6"

rc-input-number@~7.4.0:
  version "7.4.2"
  resolved "https://registry.yarnpkg.com/rc-input-number/-/rc-input-number-7.4.2.tgz#7c52d26b986461aa16e486d469dc0476d97c6ea3"
  integrity sha512-yGturTw7WGP+M1GbJ+UTAO7L4buxeW6oilhL9Sq3DezsRS8/9qec4UiXUbeoiX9bzvRXH11JvgskBtxSp4YSNg==
  dependencies:
    "@babel/runtime" "^7.10.1"
    "@rc-component/mini-decimal" "^1.0.1"
    classnames "^2.2.5"
    rc-util "^5.28.0"

rc-input@~1.0.0, rc-input@~1.0.4:
  version "1.0.4"
  resolved "https://registry.yarnpkg.com/rc-input/-/rc-input-1.0.4.tgz#2f2c73c884f41e80685bb2eb7b9d5533e8540a77"
  integrity sha512-clY4oneVHRtKHYf/HCxT/MO+4BGzCIywSNLosXWOm7fcQAS0jQW7n0an8Raa8JMB8kpxc8m28p7SNwFZmlMj6g==
  dependencies:
    "@babel/runtime" "^7.11.1"
    classnames "^2.2.1"
    rc-util "^5.18.1"

rc-mentions@~2.3.0:
  version "2.3.0"
  resolved "https://registry.yarnpkg.com/rc-mentions/-/rc-mentions-2.3.0.tgz#bb457c9664093be82baf33628b145f7c2bd49577"
  integrity sha512-gNpsSKsBHSXvyAA1ZowVTqXSWUIw7+OI9wmjL87KcYURvtm9nDo8R0KtOc2f1PT7q9McUpFzhm6AvQdIly0aRA==
  dependencies:
    "@babel/runtime" "^7.10.1"
    "@rc-component/trigger" "^1.5.0"
    classnames "^2.2.6"
    rc-input "~1.0.0"
    rc-menu "~9.9.0"
    rc-textarea "~1.2.0"
    rc-util "^5.22.5"

rc-menu@~9.9.0, rc-menu@~9.9.2:
  version "9.9.2"
  resolved "https://registry.yarnpkg.com/rc-menu/-/rc-menu-9.9.2.tgz#733aa5b794bd801577726e448b6cfeda0436e1e5"
  integrity sha512-kVJwaQn5VUu6DIddxd/jz3QupTPg0tNYq+mpFP8wYsRF5JgzPA9fPVw+CfwlTPwA1w7gzEY42S8pj6M3uev5CQ==
  dependencies:
    "@babel/runtime" "^7.10.1"
    "@rc-component/trigger" "^1.6.2"
    classnames "2.x"
    rc-motion "^2.4.3"
    rc-overflow "^1.2.8"
    rc-util "^5.27.0"

rc-motion@^2.0.0, rc-motion@^2.0.1, rc-motion@^2.3.0, rc-motion@^2.3.4, rc-motion@^2.4.3, rc-motion@^2.4.4:
  version "2.5.1"
  resolved "https://registry.yarnpkg.com/rc-motion/-/rc-motion-2.5.1.tgz#3eceb7d891079c0f67a72639d30e168b91839e03"
  integrity sha512-h3GKMjFJkK+4z6fNfVlIMrb7WFCZsreivVvHOBb38cKcpKDx5g3kpHwn5Ekbo1+g0nnC02Dtap2trfCAPGxllw==
  dependencies:
    "@babel/runtime" "^7.11.1"
    classnames "^2.2.1"
    rc-util "^5.21.0"

rc-motion@^2.6.0, rc-motion@^2.6.1, rc-motion@^2.6.2, rc-motion@^2.7.3:
  version "2.7.3"
  resolved "https://registry.yarnpkg.com/rc-motion/-/rc-motion-2.7.3.tgz#126155bb3e687174fb3b92fddade2835c963b04d"
  integrity sha512-2xUvo8yGHdOHeQbdI8BtBsCIrWKchEmFEIskf0nmHtJsou+meLd/JE+vnvSX2JxcBrJtXY2LuBpxAOxrbY/wMQ==
  dependencies:
    "@babel/runtime" "^7.11.1"
    classnames "^2.2.1"
    rc-util "^5.21.0"

rc-notification@~5.0.4:
  version "5.0.4"
  resolved "https://registry.yarnpkg.com/rc-notification/-/rc-notification-5.0.4.tgz#4ad33d4aa291528fee9095b0be80ae41f1728a38"
  integrity sha512-3535oellIRlt1LspERfK8yvCqb8Gio3R02rULciaSc1xe3H7ArTU/khlUTv1ddGzua4HhmF4D4Rwz/+mBxETvg==
  dependencies:
    "@babel/runtime" "^7.10.1"
    classnames "2.x"
    rc-motion "^2.6.0"
    rc-util "^5.20.1"

rc-overflow@^1.0.0:
  version "1.2.5"
  resolved "https://registry.yarnpkg.com/rc-overflow/-/rc-overflow-1.2.5.tgz#d0fe3f9fa99edec70f4fe20e38119e8c1c5ae3ca"
  integrity sha512-5HJKZ4nPe9e7AFdCkflgpRydvH6lJ4i2iFF06q/T1G9lL/XBeuoPLRrTBU8ao/Vo/yARW6WfEHnC2951lVgX5Q==
  dependencies:
    "@babel/runtime" "^7.11.1"
    classnames "^2.2.1"
    rc-resize-observer "^1.0.0"
    rc-util "^5.19.2"

rc-overflow@^1.2.8:
  version "1.3.0"
  resolved "https://registry.yarnpkg.com/rc-overflow/-/rc-overflow-1.3.0.tgz#964f7db14aab611c3047788d3b8ee472732fee09"
  integrity sha512-p2Qt4SWPTHAYl4oAao1THy669Fm5q8pYBDBHRaFOekCvcdcrgIx0ByXQMEkyPm8wUDX4BK6aARWecvCRc/7CTA==
  dependencies:
    "@babel/runtime" "^7.11.1"
    classnames "^2.2.1"
    rc-resize-observer "^1.0.0"
    rc-util "^5.19.2"

rc-pagination@~3.5.0:
  version "3.5.0"
  resolved "https://registry.yarnpkg.com/rc-pagination/-/rc-pagination-3.5.0.tgz#8692a62f3c24d8bfe58f1b3059bc5262ddce5d87"
  integrity sha512-lUBVtVVUn7gGsq4mTyVpcZQr+AMcljbMiL/HcCmSdFrcsK0iZVKwwbXDxhz2IV0JXUs9Hzepr5sQFaF+9ad/pQ==
  dependencies:
    "@babel/runtime" "^7.10.1"
    classnames "^2.2.1"
    rc-util "^5.32.2"

rc-picker@~3.8.0:
  version "3.8.1"
  resolved "https://registry.yarnpkg.com/rc-picker/-/rc-picker-3.8.1.tgz#021d9cd971a244f83e7dc6912ceb670423675a5c"
  integrity sha512-Td63/F/V+36dXMEvjuqCNEahBR8S4yocgH7XXY+NrJh6+8dJM+X+5w0PgEjYo0LKkDvfGcu5CpdLG0gobnyLWA==
  dependencies:
    "@babel/runtime" "^7.10.1"
    "@rc-component/trigger" "^1.5.0"
    classnames "^2.2.1"
    rc-util "^5.30.0"

rc-progress@~3.4.1:
  version "3.4.2"
  resolved "https://registry.yarnpkg.com/rc-progress/-/rc-progress-3.4.2.tgz#f8df9ee95e790490171ab6b31bf07303cdc79980"
  integrity sha512-iAGhwWU+tsayP+Jkl9T4+6rHeQTG9kDz8JAHZk4XtQOcYN5fj9H34NXNEdRdZx94VUDHMqCb1yOIvi8eJRh67w==
  dependencies:
    "@babel/runtime" "^7.10.1"
    classnames "^2.2.6"
    rc-util "^5.16.1"

rc-rate@~2.12.0:
  version "2.12.0"
  resolved "https://registry.yarnpkg.com/rc-rate/-/rc-rate-2.12.0.tgz#0182deffed3b009cdcc61660da8746c39ed91ed5"
  integrity sha512-g092v5iZCdVzbjdn28FzvWebK2IutoVoiTeqoLTj9WM7SjA/gOJIw5/JFZMRyJYYVe1jLAU2UhAfstIpCNRozg==
  dependencies:
    "@babel/runtime" "^7.10.1"
    classnames "^2.2.5"
    rc-util "^5.0.1"

rc-resize-observer@^0.2.3:
  version "0.2.6"
  resolved "https://registry.yarnpkg.com/rc-resize-observer/-/rc-resize-observer-0.2.6.tgz#c1b642f6d1293e34c4e3715f47f69443a167b825"
  integrity sha512-YX6nYnd6fk7zbuvT6oSDMKiZjyngjHoy+fz+vL3Tez38d/G5iGdaDJa2yE7345G6sc4Mm1IGRUIwclvltddhmA==
  dependencies:
    "@babel/runtime" "^7.10.1"
    classnames "^2.2.1"
    rc-util "^5.0.0"
    resize-observer-polyfill "^1.5.1"

rc-resize-observer@^1.0.0, rc-resize-observer@^1.1.0, rc-resize-observer@^1.2.0:
  version "1.2.0"
  resolved "https://registry.yarnpkg.com/rc-resize-observer/-/rc-resize-observer-1.2.0.tgz#9f46052f81cdf03498be35144cb7c53fd282c4c7"
  integrity sha512-6W+UzT3PyDM0wVCEHfoW3qTHPTvbdSgiA43buiy8PzmeMnfgnDeb9NjdimMXMl3/TcrvvWl5RRVdp+NqcR47pQ==
  dependencies:
    "@babel/runtime" "^7.10.1"
    classnames "^2.2.1"
    rc-util "^5.15.0"
    resize-observer-polyfill "^1.5.1"

rc-resize-observer@^1.3.1:
  version "1.3.1"
  resolved "https://registry.yarnpkg.com/rc-resize-observer/-/rc-resize-observer-1.3.1.tgz#b61b9f27048001243617b81f95e53d7d7d7a6a3d"
  integrity sha512-iFUdt3NNhflbY3mwySv5CA1TC06zdJ+pfo0oc27xpf4PIOvfZwZGtD9Kz41wGYqC4SLio93RVAirSSpYlV/uYg==
  dependencies:
    "@babel/runtime" "^7.20.7"
    classnames "^2.2.1"
    rc-util "^5.27.0"
    resize-observer-polyfill "^1.5.1"

rc-segmented@~2.2.0:
  version "2.2.2"
  resolved "https://registry.yarnpkg.com/rc-segmented/-/rc-segmented-2.2.2.tgz#a34f12ce6c0975fc3042ae7656bcd18e1744798e"
  integrity sha512-Mq52M96QdHMsNdE/042ibT5vkcGcD5jxKp7HgPC2SRofpia99P5fkfHy1pEaajLMF/kj0+2Lkq1UZRvqzo9mSA==
  dependencies:
    "@babel/runtime" "^7.11.1"
    classnames "^2.2.1"
    rc-motion "^2.4.4"
    rc-util "^5.17.0"

rc-select@~14.5.0:
  version "14.5.2"
  resolved "https://registry.yarnpkg.com/rc-select/-/rc-select-14.5.2.tgz#1ac1ab58c874696cfa01cb15e1fc9a7bba81b29e"
  integrity sha512-Np/lDHvxCnVhVsheQjSV1I/OMJTWJf1n10wq8q1AGy3ytyYLfjNpi6uaz/pmjsbbiSddSWzJnNZCli9LmgBZsA==
  dependencies:
    "@babel/runtime" "^7.10.1"
    "@rc-component/trigger" "^1.5.0"
    classnames "2.x"
    rc-motion "^2.0.1"
    rc-overflow "^1.0.0"
    rc-util "^5.16.1"
    rc-virtual-list "^3.5.2"

rc-slider@~10.1.0:
  version "10.1.1"
  resolved "https://registry.yarnpkg.com/rc-slider/-/rc-slider-10.1.1.tgz#5e82036e60b61021aba3ea0e353744dd7c74e104"
  integrity sha512-gn8oXazZISEhnmRinI89Z/JD/joAaM35jp+gDtIVSTD/JJMCCBqThqLk1SVJmvtfeiEF/kKaFY0+qt4SDHFUDw==
  dependencies:
    "@babel/runtime" "^7.10.1"
    classnames "^2.2.5"
    rc-util "^5.27.0"

rc-steps@~6.0.0:
  version "6.0.0"
  resolved "https://registry.yarnpkg.com/rc-steps/-/rc-steps-6.0.0.tgz#f7148f8097d5d135f19b96c1b4f4b50ad6093753"
  integrity sha512-+KfMZIty40mYCQSDvYbZ1jwnuObLauTiIskT1hL4FFOBHP6ZOr8LK0m143yD3kEN5XKHSEX1DIwCj3AYZpoeNQ==
  dependencies:
    "@babel/runtime" "^7.16.7"
    classnames "^2.2.3"
    rc-util "^5.16.1"

rc-switch@~4.1.0:
  version "4.1.0"
  resolved "https://registry.yarnpkg.com/rc-switch/-/rc-switch-4.1.0.tgz#f37d81b4e0c5afd1274fd85367b17306bf25e7d7"
  integrity sha512-TI8ufP2Az9oEbvyCeVE4+90PDSljGyuwix3fV58p7HV2o4wBnVToEyomJRVyTaZeqNPAp+vqeo4Wnj5u0ZZQBg==
  dependencies:
    "@babel/runtime" "^7.21.0"
    classnames "^2.2.1"
    rc-util "^5.30.0"

rc-table@~7.32.1:
  version "7.32.1"
  resolved "https://registry.yarnpkg.com/rc-table/-/rc-table-7.32.1.tgz#7130a94727ac3870a6ddb9778b6f8496e388bce0"
  integrity sha512-fHMQteKMocUC9I9Vex3eBLH7QsiaMR/qtzh3B1Ty2PoNGwVTwVdDFyRL05zch+JU3KnNNczgQeVvtf/p//gdrQ==
  dependencies:
    "@babel/runtime" "^7.10.1"
    "@rc-component/context" "^1.3.0"
    classnames "^2.2.5"
    rc-resize-observer "^1.1.0"
    rc-util "^5.27.1"

rc-tabs@~12.7.0:
  version "12.7.1"
  resolved "https://registry.yarnpkg.com/rc-tabs/-/rc-tabs-12.7.1.tgz#6bfd11cc7b2bec08600eb0aba41966b230c38906"
  integrity sha512-NrltXEYIyiDP5JFu85NQwc9eR+7e50r/6MNXYDyG1EMIFNc7BgDppzdpnD3nW4NHYWw5wLIThCURGib48OCTBg==
  dependencies:
    "@babel/runtime" "^7.11.2"
    classnames "2.x"
    rc-dropdown "~4.1.0"
    rc-menu "~9.9.0"
    rc-motion "^2.6.2"
    rc-resize-observer "^1.0.0"
    rc-util "^5.16.0"

rc-textarea@~1.2.0, rc-textarea@~1.2.2:
  version "1.2.3"
  resolved "https://registry.yarnpkg.com/rc-textarea/-/rc-textarea-1.2.3.tgz#bdaea2931ad2571583e9e27e627b8a9b5dbe7de7"
  integrity sha512-YvN8IskIVBRRzcS4deT0VAMim31+T3IoVX4yoCJ+b/iVCvw7yf0usR7x8OaHiUOUoURKcn/3lfGjmtzplcy99g==
  dependencies:
    "@babel/runtime" "^7.10.1"
    classnames "^2.2.1"
    rc-input "~1.0.4"
    rc-resize-observer "^1.0.0"
    rc-util "^5.27.0"

rc-tooltip@~6.0.0:
  version "6.0.1"
  resolved "https://registry.yarnpkg.com/rc-tooltip/-/rc-tooltip-6.0.1.tgz#6a5e33bd6c3f6afe8851ea90e7af43e5c26b3cc6"
  integrity sha512-MdvPlsD1fDSxKp9+HjXrc/CxLmA/s11QYIh1R7aExxfodKP7CZA++DG1AjrW80F8IUdHYcR43HAm0Y2BYPelHA==
  dependencies:
    "@babel/runtime" "^7.11.2"
    "@rc-component/trigger" "^1.0.4"
    classnames "^2.3.1"

rc-tree-select@~5.9.0:
  version "5.9.0"
  resolved "https://registry.yarnpkg.com/rc-tree-select/-/rc-tree-select-5.9.0.tgz#e8af859ff7751d22b6f4d98941cf13f775686475"
  integrity sha512-oh3blESzLfLCBPSiVDtZ2irzrWWZUMeHvnSwRvFo79br8Z+K/1OhXhXBZmROvfKwaH8YUugAQy8B2j5EGQbdyA==
  dependencies:
    "@babel/runtime" "^7.10.1"
    classnames "2.x"
    rc-select "~14.5.0"
    rc-tree "~5.7.0"
    rc-util "^5.16.1"

rc-tree@~5.7.0, rc-tree@~5.7.4:
  version "5.7.4"
  resolved "https://registry.yarnpkg.com/rc-tree/-/rc-tree-5.7.4.tgz#bfdf15fc914a219821fb96a503faf4bbef6034c1"
  integrity sha512-7VfDq4jma+6fvlzfDXvUJ34SaO2EWkcXGBmPgeFmVKsLNNXcKGl4cRAhs6Ts1zqnX994vu/hb3f1dyTjn43RFg==
  dependencies:
    "@babel/runtime" "^7.10.1"
    classnames "2.x"
    rc-motion "^2.0.1"
    rc-util "^5.16.1"
    rc-virtual-list "^3.5.1"

rc-upload@~4.3.0:
  version "4.3.3"
  resolved "https://registry.yarnpkg.com/rc-upload/-/rc-upload-4.3.3.tgz#e237aa525e5313fa16f4d04d27f53c2f0e157bb8"
  integrity sha512-YoJ0phCRenMj1nzwalXzciKZ9/FAaCrFu84dS5pphwucTC8GUWClcDID/WWNGsLFcM97NqIboDqrV82rVRhW/w==
  dependencies:
    "@babel/runtime" "^7.10.1"
    classnames "^2.2.5"
    rc-util "^5.2.0"

rc-util@^5.0.0, rc-util@^5.16.0, rc-util@^5.21.2, rc-util@^5.22.5, rc-util@^5.24.4, rc-util@^5.25.2, rc-util@^5.27.0, rc-util@^5.27.1, rc-util@^5.28.0, rc-util@^5.30.0, rc-util@^5.31.1, rc-util@^5.32.0, rc-util@^5.32.2, rc-util@^5.33.0:
  version "5.33.0"
  resolved "https://registry.yarnpkg.com/rc-util/-/rc-util-5.33.0.tgz#8e673700e467b24c722014f2fe2f2f77aa6c2c07"
  integrity sha512-mq2NkEAnHklq4fgU/JqjiE0PS8+8u33gEWw2bDUNDPck3OroPpSgw/8oEyuFrvPgaZEmt9BgQdh59JfQt2cU+w==
  dependencies:
    "@babel/runtime" "^7.18.3"
    react-is "^16.12.0"

rc-util@^5.0.1, rc-util@^5.0.6, rc-util@^5.15.0, rc-util@^5.16.1, rc-util@^5.17.0, rc-util@^5.18.1, rc-util@^5.19.2, rc-util@^5.2.0, rc-util@^5.20.1, rc-util@^5.21.0, rc-util@^5.3.0, rc-util@^5.4.0, rc-util@^5.6.1:
  version "5.21.2"
  resolved "https://registry.yarnpkg.com/rc-util/-/rc-util-5.21.2.tgz#fa23277ba84e5561af2febdca64de3fc2b3e1528"
  integrity sha512-QuuZ2tKMScGtxSx3rLzgPGGDZm/np7phMqA7OcDidSf44abvSk+AdtdD7ZvQPvCEtdC6nCSI5tEVnUaYjjD9/w==
  dependencies:
    "@babel/runtime" "^7.12.5"
    react-is "^16.12.0"
    shallowequal "^1.1.0"

rc-virtual-list@^3.5.1, rc-virtual-list@^3.5.2:
  version "3.5.2"
  resolved "https://registry.yarnpkg.com/rc-virtual-list/-/rc-virtual-list-3.5.2.tgz#5e1028869bae900eacbae6788d4eca7210736006"
  integrity sha512-sE2G9hTPjVmatQni8OP2Kx33+Oth6DMKm67OblBBmgMBJDJQOOFpSGH7KZ6Pm85rrI2IGxDRXZCr0QhYOH2pfQ==
  dependencies:
    "@babel/runtime" "^7.20.0"
    classnames "^2.2.6"
    rc-resize-observer "^1.0.0"
    rc-util "^5.15.0"

react-dom@^18.2.0:
  version "18.2.0"
  resolved "https://registry.yarnpkg.com/react-dom/-/react-dom-18.2.0.tgz#22aaf38708db2674ed9ada224ca4aa708d821e3d"
  integrity sha512-6IMTriUmvsjHUjNtEDudZfuDQUoWXVxKHhlEGSk81n4YFS+r/Kl99wXiwlVXtPBtJenozv2P+hxDsw9eA7Xo6g==
  dependencies:
    loose-envify "^1.1.0"
    scheduler "^0.23.0"

react-is@^16.12.0:
  version "16.13.1"
  resolved "https://registry.yarnpkg.com/react-is/-/react-is-16.13.1.tgz#789729a4dc36de2999dc156dd6c1d9c18cea56a4"
  integrity sha512-24e6ynE2H+OKt4kqsOvNd8kBpV65zoxbA4BVsEOB3ARVWQki/DHzaUoC5KuON/BiccDaCCTZBuOcfZs70kR8bQ==

react@^18.2.0:
  version "18.2.0"
  resolved "https://registry.yarnpkg.com/react/-/react-18.2.0.tgz#555bd98592883255fa00de14f1151a917b5d77d5"
  integrity sha512-/3IjMdb2L9QbBdWiW5e3P2/npwMBaU9mHCSCUzNln0ZCYbcfTsGbTJrU/kGemdH2IWmB2ioZ+zkxtmq6g09fGQ==
  dependencies:
    loose-envify "^1.1.0"

reactcss@^1.2.3:
  version "1.2.3"
  resolved "https://registry.yarnpkg.com/reactcss/-/reactcss-1.2.3.tgz#c00013875e557b1cf0dfd9a368a1c3dab3b548dd"
  integrity sha512-KiwVUcFu1RErkI97ywr8nvx8dNOpT03rbnma0SSalTYjkrPYaEajR4a/MRt6DZ46K6arDRbWMNHF+xH7G7n/8A==
  dependencies:
    lodash "^4.0.1"

regenerator-runtime@^0.13.11:
  version "0.13.11"
  resolved "https://registry.yarnpkg.com/regenerator-runtime/-/regenerator-runtime-0.13.11.tgz#f6dca3e7ceec20590d07ada785636a90cdca17f9"
  integrity sha512-kY1AZVr2Ra+t+piVaJ4gxaFaReZVH40AKNo7UCX6W+dEwBo/2oZJzqfuN1qLq1oL45o56cPaTXELwrTh8Fpggg==

regenerator-runtime@^0.13.4:
  version "0.13.9"
  resolved "https://registry.yarnpkg.com/regenerator-runtime/-/regenerator-runtime-0.13.9.tgz#8925742a98ffd90814988d7566ad30ca3b263b52"
  integrity sha512-p3VT+cOEgxFsRRA9X4lkI1E+k2/CtnKtU4gcxyaCUreilL/vqI6CdZ3wxVUx3UOUg+gnUOQQcRI7BmSI656MYA==

resize-observer-polyfill@^1.5.1:
  version "1.5.1"
  resolved "https://registry.yarnpkg.com/resize-observer-polyfill/-/resize-observer-polyfill-1.5.1.tgz#0e9020dd3d21024458d4ebd27e23e40269810464"
  integrity sha512-LwZrotdHOo12nQuZlHEmtuXdqGoOD0OhaxopaNFxWzInpEgaLWoVuAMbTzixuosCx2nEG58ngzW3vxdWoxIgdg==

scheduler@^0.23.0:
  version "0.23.0"
  resolved "https://registry.yarnpkg.com/scheduler/-/scheduler-0.23.0.tgz#ba8041afc3d30eb206a487b6b384002e4e61fdfe"
  integrity sha512-CtuThmgHNg7zIZWAXi3AsyIzA3n4xx7aNyjwC2VJldO2LMVDhFK+63xGqq6CsJH4rTAt6/M+N4GhZiDYPx9eUw==
  dependencies:
    loose-envify "^1.1.0"

scroll-into-view-if-needed@^3.0.3:
  version "3.0.10"
  resolved "https://registry.yarnpkg.com/scroll-into-view-if-needed/-/scroll-into-view-if-needed-3.0.10.tgz#38fbfe770d490baff0fb2ba34ae3539f6ec44e13"
  integrity sha512-t44QCeDKAPf1mtQH3fYpWz8IM/DyvHLjs8wUvvwMYxk5moOqCzrMSxK6HQVD0QVmVjXFavoFIPRVrMuJPKAvtg==
  dependencies:
    compute-scroll-into-view "^3.0.2"

shallowequal@^1.1.0:
  version "1.1.0"
  resolved "https://registry.yarnpkg.com/shallowequal/-/shallowequal-1.1.0.tgz#188d521de95b9087404fd4dcb68b13df0ae4e7f8"
  integrity sha512-y0m1JoUZSlPAjXVtPPW70aZWfIL/dSP7AFkRnniLCrK/8MDKog3TySTBmckD+RObVxH0v4Tox67+F14PdED2oQ==

string-convert@^0.2.0:
  version "0.2.1"
  resolved "https://registry.yarnpkg.com/string-convert/-/string-convert-0.2.1.tgz#6982cc3049fbb4cd85f8b24568b9d9bf39eeff97"
  integrity sha1-aYLMMEn7tM2F+LJFaLnZvznu/5c=

stylis@^4.0.13:
  version "4.2.0"
  resolved "https://registry.yarnpkg.com/stylis/-/stylis-4.2.0.tgz#79daee0208964c8fe695a42fcffcac633a211a51"
  integrity sha512-Orov6g6BB1sDfYgzWfTHDOxamtX1bE/zo104Dh9e6fqJ3PooipYyfJ0pUmrZO2wAvO8YbEyeFrkV91XTsGMSrw==

swr@^2.0.0:
  version "2.1.5"
  resolved "https://registry.yarnpkg.com/swr/-/swr-2.1.5.tgz#688effa719c03f6d35c66decbb0f8e79c7190399"
  integrity sha512-/OhfZMcEpuz77KavXST5q6XE9nrOBOVcBLWjMT+oAE/kQHyE3PASrevXCtQDZ8aamntOfFkbVJp7Il9tNBQWrw==
  dependencies:
    use-sync-external-store "^1.2.0"

throttle-debounce@^5.0.0:
  version "5.0.0"
  resolved "https://registry.yarnpkg.com/throttle-debounce/-/throttle-debounce-5.0.0.tgz#a17a4039e82a2ed38a5e7268e4132d6960d41933"
  integrity sha512-2iQTSgkkc1Zyk0MeVrt/3BvuOXYPl/R8Z0U2xxo9rjwNciaHDG3R+Lm6dh4EeUci49DanvBnuqI6jshoQQRGEg==

tinycolor2@^1.4.2:
  version "1.4.2"
  resolved "https://registry.yarnpkg.com/tinycolor2/-/tinycolor2-1.4.2.tgz#3f6a4d1071ad07676d7fa472e1fac40a719d8803"
  integrity sha512-vJhccZPs965sV/L2sU4oRQVAos0pQXwsvTLkWYdqJ+a8Q5kPFzJTuOFwy7UniPli44NKQGAglksjvOcpo95aZA==

toggle-selection@^1.0.6:
  version "1.0.6"
  resolved "https://registry.yarnpkg.com/toggle-selection/-/toggle-selection-1.0.6.tgz#6e45b1263f2017fa0acc7d89d78b15b8bf77da32"
  integrity sha1-bkWxJj8gF/oKzH2J14sVuL932jI=

tslib@^2.0.0:
  version "2.5.3"
  resolved "https://registry.yarnpkg.com/tslib/-/tslib-2.5.3.tgz#24944ba2d990940e6e982c4bea147aba80209913"
  integrity sha512-mSxlJJwl3BMEQCUNnxXBU9jP4JBktcEGhURcPR6VQVlnP0FdDEsIaz0C35dXNGLyRfrATNofF0F5p2KPxQgB+w==

typescript@^5.1.3:
  version "5.1.3"
  resolved "https://registry.yarnpkg.com/typescript/-/typescript-5.1.3.tgz#8d84219244a6b40b6fb2b33cc1c062f715b9e826"
  integrity sha512-XH627E9vkeqhlZFQuL+UsyAXEnibT0kWR2FWONlr4sTjvxyJYnyefgrkyECLzM5NenmKzRAy2rR/OlYLA1HkZw==

use-json-comparison@^1.0.3, use-json-comparison@^1.0.5:
  version "1.0.6"
  resolved "https://registry.yarnpkg.com/use-json-comparison/-/use-json-comparison-1.0.6.tgz#a012bbc258ce745db1f56745dc653f575226cb21"
  integrity sha512-xPadt5yMRbEmVfOSGFSMqjjICrq7nLbfSH3rYIXsrtcuFX7PmbYDN/ku8ObBn3v8o/yZelO1OxUS5+5TI3+fUw==

use-media-antd-query@^1.1.0:
  version "1.1.0"
  resolved "https://registry.yarnpkg.com/use-media-antd-query/-/use-media-antd-query-1.1.0.tgz#f083ad7e292c1c0261b6bbfaac0edc3e0920d85d"
  integrity sha512-B6kKZwNV4R+l4Rl11sWO7HqOay9alzs1Vp1b4YJqjz33YxbltBCZtt/yxXxkXN9rc1S7OeEL/GbwC30Wmqhw6Q==

use-sync-external-store@^1.2.0:
  version "1.2.0"
  resolved "https://registry.yarnpkg.com/use-sync-external-store/-/use-sync-external-store-1.2.0.tgz#7dbefd6ef3fe4e767a0cf5d7287aacfb5846928a"
  integrity sha512-eEgnFxGQ1Ife9bzYs6VLi8/4X6CObHMw9Qr9tPY43iKwsPw8xE8+EFsf/2cFZ5S3esXgpWgtSCtLNS41F+sKPA==

warning@^4.0.3:
  version "4.0.3"
  resolved "https://registry.yarnpkg.com/warning/-/warning-4.0.3.tgz#16e9e077eb8a86d6af7d64aa1e05fd85b4678ca3"
  integrity sha512-rpJyN222KWIvHJ/F53XSZv0Zl/accqHR8et1kpaMTD/fLCRxtV8iX8czMzY7sVZupTI3zcUTg8eycS2kNF9l6w==
  dependencies:
    loose-envify "^1.0.0"
