# THIS IS AN AUTOGENERATED FILE. DO NOT EDIT THIS FILE DIRECTLY.
# yarn lockfile v1


"@ant-design/colors@^6.0.0":
  version "6.0.0"
  resolved "https://registry.yarnpkg.com/@ant-design/colors/-/colors-6.0.0.tgz#9b9366257cffcc47db42b9d0203bb592c13c0298"
  integrity sha512-qAZRvPzfdWHtfameEGP2Qvuf838NhergR35o+EuVyB5XvSA98xod5r4utvi4TJ3ywmevm290g9nsCG5MryrdWQ==
  dependencies:
    "@ctrl/tinycolor" "^3.4.0"

"@ant-design/icons-svg@^4.2.1":
  version "4.2.1"
  resolved "https://registry.yarnpkg.com/@ant-design/icons-svg/-/icons-svg-4.2.1.tgz#8630da8eb4471a4aabdaed7d1ff6a97dcb2cf05a"
  integrity sha512-EB0iwlKDGpG93hW8f85CTJTs4SvMX7tt5ceupvhALp1IF44SeUFOMhKUOYqpsoYWQKAOuTRDMqn75rEaKDp0Xw==

"@ant-design/icons@^4.0.0", "@ant-design/icons@^4.1.0", "@ant-design/icons@^4.2.1", "@ant-design/icons@^4.3.0", "@ant-design/icons@^4.7.0":
  version "4.7.0"
  resolved "https://registry.yarnpkg.com/@ant-design/icons/-/icons-4.7.0.tgz#8c3cbe0a556ba92af5dc7d1e70c0b25b5179af0f"
  integrity sha512-aoB4Z7JA431rt6d4u+8xcNPPCrdufSRMUOpxa1ab6mz1JCQZOEVolj2WVs/tDFmN62zzK30mNelEsprLYsSF3g==
  dependencies:
    "@ant-design/colors" "^6.0.0"
    "@ant-design/icons-svg" "^4.2.1"
    "@babel/runtime" "^7.11.2"
    classnames "^2.2.6"
    rc-util "^5.9.4"

"@ant-design/pro-card@^1.18.21":
  version "1.18.21"
  resolved "https://registry.yarnpkg.com/@ant-design/pro-card/-/pro-card-1.18.21.tgz#b8229e144c871d6bacb33171d90d0c69616daad2"
  integrity sha512-XA9bc2DevewT9LnoIuBiD5Al6cGOXPBydlC5jfZa2sIHnCY0oniJnjt44gdRqJj5hHDoUS0IkRWbW8EyXaWZag==
  dependencies:
    "@ant-design/icons" "^4.2.1"
    "@ant-design/pro-utils" "1.32.4"
    "@babel/runtime" "^7.16.3"
    classnames "^2.2.6"
    omit.js "^2.0.2"
    rc-util "^5.4.0"

"@ant-design/pro-descriptions@^1.10.28":
  version "1.10.28"
  resolved "https://registry.yarnpkg.com/@ant-design/pro-descriptions/-/pro-descriptions-1.10.28.tgz#6a589e98d46e92e70ecfa66c1a143f89d42b8baf"
  integrity sha512-TffHCn8IJPYCg3DTxQTD2iyFpusHwJ9mxKfn8ucHlt12vs3Rt+DOCx1WsJnBNVWh0VSqTRafcp1Oe9QTpA697w==
  dependencies:
    "@ant-design/pro-field" "1.31.6"
    "@ant-design/pro-form" "1.52.6"
    "@ant-design/pro-skeleton" "1.0.3"
    "@ant-design/pro-utils" "1.32.4"
    "@babel/runtime" "^7.16.3"
    rc-util "^5.0.6"
    use-json-comparison "^1.0.5"

"@ant-design/pro-field@1.31.6", "@ant-design/pro-field@^1.31.6":
  version "1.31.6"
  resolved "https://registry.yarnpkg.com/@ant-design/pro-field/-/pro-field-1.31.6.tgz#ef0595ef9d24115ece22b9f83d6a0696f2769806"
  integrity sha512-T3hqCWwaeX2D8SKRXnghJv7YmLeX3Adn05+bH3S440wxPMpnXiUeEAO8SxpWUe2Zqyg+a6M/eMZeRQfoDuuZqA==
  dependencies:
    "@ant-design/icons" "^4.2.1"
    "@ant-design/pro-provider" "1.5.5"
    "@ant-design/pro-utils" "1.32.4"
    "@babel/runtime" "^7.16.3"
    classnames "^2.2.6"
    lodash.tonumber "^4.0.3"
    moment "^2.27.0"
    omit.js "^2.0.2"
    rc-util "^5.4.0"
    react-color "2.19.3"
    swr "1.1.0"

"@ant-design/pro-form@1.52.6", "@ant-design/pro-form@^1.52.6":
  version "1.52.6"
  resolved "https://registry.yarnpkg.com/@ant-design/pro-form/-/pro-form-1.52.6.tgz#84439639a92154d730404f395a18029b26f93c80"
  integrity sha512-W7Y3a17p/BYcbbRLVG+8UvdR3/NHXPB9RQEDSFQbqJkAGBKXX0pqcKjdVA6cG2t122yhgjV7DbdzjoSmTZvNlg==
  dependencies:
    "@ant-design/icons" "^4.2.1"
    "@ant-design/pro-field" "1.31.6"
    "@ant-design/pro-provider" "1.5.5"
    "@ant-design/pro-utils" "1.32.4"
    "@babel/runtime" "^7.16.3"
    "@umijs/use-params" "^1.0.9"
    classnames "^2.2.6"
    omit.js "^2.0.2"
    rc-resize-observer "^1.1.0"
    rc-util "^5.0.6"
    use-json-comparison "^1.0.5"
    use-media-antd-query "^1.0.6"

"@ant-design/pro-layout@^6.32.2":
  version "6.32.2"
  resolved "https://registry.yarnpkg.com/@ant-design/pro-layout/-/pro-layout-6.32.2.tgz#f7fbb9a297e8d7c9afa450629f3c8c1342bf3218"
  integrity sha512-CdrtcdolVaqTFuTN9h/SgjVLhNktLDp+6GrffJtMh3jzq/P9XCfkNmbkjI7JUFjJjwm6Rc9G3rSIahroHWCytw==
  dependencies:
    "@ant-design/icons" "^4.0.0"
    "@ant-design/pro-provider" "1.5.5"
    "@ant-design/pro-utils" "1.32.4"
    "@babel/runtime" "^7.16.3"
    "@umijs/route-utils" "^2.0.1"
    "@umijs/ssr-darkreader" "^4.9.44"
    "@umijs/use-params" "^1.0.9"
    classnames "^2.2.6"
    lodash.merge "^4.6.2"
    omit.js "^2.0.2"
    path-to-regexp "2.4.0"
    rc-resize-observer "^1.1.0"
    rc-util "^5.0.6"
    swr "1.1.0"
    unstated-next "^1.1.0"
    use-json-comparison "^1.0.3"
    use-media-antd-query "^1.0.6"
    warning "^4.0.3"

"@ant-design/pro-provider@1.5.5":
  version "1.5.5"
  resolved "https://registry.yarnpkg.com/@ant-design/pro-provider/-/pro-provider-1.5.5.tgz#14a592413b81d2cfbd6cdcfaedd92e50499929c6"
  integrity sha512-gZzTG+WTNj6xswD/iLSLw8LH+7VNQKYuNcV5KmMqHrSlyimusMaJqBg+pMcD5PVLEe1pdm1lHm72t3qsRWtMNg==
  dependencies:
    "@babel/runtime" "^7.16.3"
    rc-util "^5.0.1"
    swr "1.1.0"

"@ant-design/pro-skeleton@1.0.3":
  version "1.0.3"
  resolved "https://registry.yarnpkg.com/@ant-design/pro-skeleton/-/pro-skeleton-1.0.3.tgz#7553d202acb5a879c838c7086f74d45098259271"
  integrity sha512-jmUhDuLbNBB8sa0ZurzLJdpscUvHOjK7kZCAl4eulQquE8RpZ0FzYNDhWCJWjr/UcYnLJjeHLF2XnX4FieHCVg==
  dependencies:
    "@babel/runtime" "^7.16.3"
    use-media-antd-query "^1.0.6"

"@ant-design/pro-table@^2.62.0":
  version "2.62.0"
  resolved "https://registry.yarnpkg.com/@ant-design/pro-table/-/pro-table-2.62.0.tgz#a489178cb5bfeab2a0b2e6d582cbde8c39a12f35"
  integrity sha512-1rqwP06oGnIQgVN1hBs0fiNFwuB8KS9d8ssY56DFB6jtYYLyOJC342r3i0EDEi/TgaCDP/wP9QPNuG/ytY7FFg==
  dependencies:
    "@ant-design/icons" "^4.1.0"
    "@ant-design/pro-field" "1.31.6"
    "@ant-design/pro-form" "1.52.6"
    "@ant-design/pro-provider" "1.5.5"
    "@ant-design/pro-utils" "1.32.4"
    "@babel/runtime" "^7.16.3"
    classnames "^2.2.6"
    moment "^2.24.0"
    omit.js "^2.0.2"
    rc-util "^5.0.1"
    react-sortable-hoc "^2.0.0"
    unstated-next "^1.1.0"
    use-json-comparison "^1.0.5"
    use-media-antd-query "^1.1.0"

"@ant-design/pro-utils@1.32.4":
  version "1.32.4"
  resolved "https://registry.yarnpkg.com/@ant-design/pro-utils/-/pro-utils-1.32.4.tgz#f3401d292f1416ca5de7228f81e89e6eb0e1d0c0"
  integrity sha512-awsnW2hQi/zFxXLfTOYFR1JOes2Kfve8ls7gsXYTNj2qWWbT9QCad0RTw072aQvb/u0C2FhG1zqfIfP2/NWuow==
  dependencies:
    "@ant-design/icons" "^4.3.0"
    "@ant-design/pro-provider" "1.5.5"
    "@babel/runtime" "^7.16.3"
    classnames "^2.2.6"
    moment "^2.27.0"
    rc-util "^5.0.6"
    react-sortable-hoc "^2.0.0"
    swr "1.1.0"

"@ant-design/react-slick@~0.28.1":
  version "0.28.4"
  resolved "https://registry.yarnpkg.com/@ant-design/react-slick/-/react-slick-0.28.4.tgz#8b296b87ad7c7ae877f2a527b81b7eebd9dd29a9"
  integrity sha512-j9eAHTn7GxbXUFNknJoHS2ceAsqrQi2j8XykjZE1IXCD8kJF+t28EvhBLniDpbOsBk/3kjalnhriTfZcjBHNqg==
  dependencies:
    "@babel/runtime" "^7.10.4"
    classnames "^2.2.5"
    json2mq "^0.2.0"
    lodash "^4.17.21"
    resize-observer-polyfill "^1.5.0"

"@aomi/common-service@1.0.5-Alpha.21":
  version "1.0.5-Alpha.21"
  resolved "https://registry.yarnpkg.com/@aomi/common-service/-/common-service-1.0.5-Alpha.21.tgz#3cacc2e076330dbaef84535f86205281e79bf10f"
  integrity sha512-Q6L1/4ylaJ3Aci/pfeXhxC5ApLw5tcjdoK0264mNBzNLbHr83mab7i+ihu5JXSu7GbexS/tw1p3+7/nJWS4sIA==

"@aomi/mobx-history@^1.0.4":
  version "1.0.4"
  resolved "https://registry.yarnpkg.com/@aomi/mobx-history/-/mobx-history-1.0.4.tgz#defdfd0f1ff1060efc544b3c24f7353f9a959048"
  integrity sha512-CYxJEK9isRddukWWc4nHMpnzBIB80s9VT7ghFbCgHYWJ9MNIXjnxRuWbGU0vj/QGySvP5YyzQb2LSF+xbN6TMw==

"@aomi/react-antd@^1.0.0-Alpha.11":
  version "1.0.0-Alpha.11"
  resolved "https://registry.yarnpkg.com/@aomi/react-antd/-/react-antd-1.0.0-Alpha.11.tgz#697222040253fb9e0ec67810eb64715ade5e5733"
  integrity sha512-8XZLwN7/G+Wx9LvylweggJc4kmcPM/pSVfUjzp3MgNBZb61qYRsJqqV0d71hkLGize7VMNZS6t4ZanSCaGtsYg==

"@aomi/utils@^1.0.1-Alpha.3":
  version "1.0.1-Alpha.3"
  resolved "https://registry.yarnpkg.com/@aomi/utils/-/utils-1.0.1-Alpha.3.tgz#53261f87475282e6b97a7edf7aedd439f9ccb1fd"
  integrity sha512-TxiyzksOgG4XOMGpHTujhD7SBhL0hSQyUGhRSi/4SiHKPHpPpxN44i4Cq/ZLoV5oG+cp/Qmy0Frv6hltX5VC4A==
  optionalDependencies:
    moment "^2.29.1"
    object-path "^0.11.5"

"@babel/runtime@^7.1.2", "@babel/runtime@^7.10.1", "@babel/runtime@^7.10.2", "@babel/runtime@^7.10.4", "@babel/runtime@^7.11.1", "@babel/runtime@^7.11.2", "@babel/runtime@^7.12.1", "@babel/runtime@^7.12.13", "@babel/runtime@^7.12.5", "@babel/runtime@^7.2.0", "@babel/runtime@^7.8.4":
  version "7.16.3"
  resolved "https://registry.yarnpkg.com/@babel/runtime/-/runtime-7.16.3.tgz#b86f0db02a04187a3c17caa77de69840165d42d5"
  integrity sha512-WBwekcqacdY2e9AF/Q7WLFUWmdJGJTkbjqTjoMDgXkVZ3ZRUvOPsLb5KdwISoQVsbP+DQzVZW4Zhci0DvpbNTQ==
  dependencies:
    regenerator-runtime "^0.13.4"

"@babel/runtime@^7.16.3":
  version "7.16.5"
  resolved "https://registry.yarnpkg.com/@babel/runtime/-/runtime-7.16.5.tgz#7f3e34bf8bdbbadf03fbb7b1ea0d929569c9487a"
  integrity sha512-TXWihFIS3Pyv5hzR7j6ihmeLkZfrXGxAr5UfSl8CHf+6q/wpiYDkUau0czckpYG8QmnCIuPpdLtuA9VmuGGyMA==
  dependencies:
    regenerator-runtime "^0.13.4"

"@ctrl/tinycolor@^3.4.0":
  version "3.4.0"
  resolved "https://registry.yarnpkg.com/@ctrl/tinycolor/-/tinycolor-3.4.0.tgz#c3c5ae543c897caa9c2a68630bed355be5f9990f"
  integrity sha512-JZButFdZ1+/xAfpguQHoabIXkcqRRKpMrWKBkpEZZyxfY9C1DpADFB8PEqGSTeFr135SaTRfKqGKx5xSCLI7ZQ==

"@icons/material@^0.2.4":
  version "0.2.4"
  resolved "https://registry.yarnpkg.com/@icons/material/-/material-0.2.4.tgz#e90c9f71768b3736e76d7dd6783fc6c2afa88bc8"
  integrity sha512-QPcGmICAPbGLGb6F/yNf/KzKqvFx8z5qx3D1yFqVAjoFmXK35EgyW+cJ57Te3CNsmzblwtzakLGFqHPqrfb4Tw==

"@qixian.cs/path-to-regexp@^6.1.0":
  version "6.1.0"
  resolved "https://registry.yarnpkg.com/@qixian.cs/path-to-regexp/-/path-to-regexp-6.1.0.tgz#6b84ad01596332aba95fa29d2e70104698cd5c45"
  integrity sha512-2jIiLiVZB1jnY7IIRQKtoV8Gnr7XIhk4mC88ONGunZE3hYt5IHUG4BE/6+JiTBjjEWQLBeWnZB8hGpppkufiVw==

"@types/prop-types@*":
  version "15.7.4"
  resolved "https://registry.yarnpkg.com/@types/prop-types/-/prop-types-15.7.4.tgz#fcf7205c25dff795ee79af1e30da2c9790808f11"
  integrity sha512-rZ5drC/jWjrArrS8BR6SIr4cWpW09RNTYt9AMZo3Jwwif+iacXAqgVjm0B0Bv/S1jhDXKHqRVNCbACkJ89RAnQ==

"@types/react-dom@^17.0.11":
  version "17.0.11"
  resolved "https://registry.yarnpkg.com/@types/react-dom/-/react-dom-17.0.11.tgz#e1eadc3c5e86bdb5f7684e00274ae228e7bcc466"
  integrity sha512-f96K3k+24RaLGVu/Y2Ng3e1EbZ8/cVJvypZWd7cy0ofCBaf2lcM46xNhycMZ2xGwbBjRql7hOlZ+e2WlJ5MH3Q==
  dependencies:
    "@types/react" "*"

"@types/react@*":
  version "17.0.36"
  resolved "https://registry.yarnpkg.com/@types/react/-/react-17.0.36.tgz#0d81e0e2419e6a8e9ba6af5e3a0608e70835d7d1"
  integrity sha512-CUFUp01OdfbpN/76v4koqgcpcRGT3sYOq3U3N6q0ZVGcyeP40NUdVU+EWe3hs34RNaTefiYyBzOpxBBidCc5zw==
  dependencies:
    "@types/prop-types" "*"
    "@types/scheduler" "*"
    csstype "^3.0.2"

"@types/react@^17.0.38":
  version "17.0.38"
  resolved "https://registry.yarnpkg.com/@types/react/-/react-17.0.38.tgz#f24249fefd89357d5fa71f739a686b8d7c7202bd"
  integrity sha512-SI92X1IA+FMnP3qM5m4QReluXzhcmovhZnLNm3pyeQlooi02qI7sLiepEYqT678uNiyc25XfCqxREFpy3W7YhQ==
  dependencies:
    "@types/prop-types" "*"
    "@types/scheduler" "*"
    csstype "^3.0.2"

"@types/scheduler@*":
  version "0.16.2"
  resolved "https://registry.yarnpkg.com/@types/scheduler/-/scheduler-0.16.2.tgz#1a62f89525723dde24ba1b01b092bf5df8ad4d39"
  integrity sha512-hppQEBDmlwhFAXKJX2KnWLYu5yMfi91yazPb2l+lbJiwW+wdo1gNeRA+3RgNSO39WYX2euey41KEwnqesU2Jew==

"@umijs/route-utils@^2.0.1":
  version "2.0.4"
  resolved "https://registry.yarnpkg.com/@umijs/route-utils/-/route-utils-2.0.4.tgz#951bf55c826d670c3acfff0566ceac63b7b74fea"
  integrity sha512-YWxGHZhIMLrsiydu8P/v2SNuuqRfRbLaZ5mc1K9snTf6yQ+TEGFrpU8uLxp2iRBijMBD0CFyrWNuhlB/bvluUQ==
  dependencies:
    "@qixian.cs/path-to-regexp" "^6.1.0"
    fast-deep-equal "^3.1.3"
    lodash.isequal "^4.5.0"
    memoize-one "^5.1.1"

"@umijs/ssr-darkreader@^4.9.44":
  version "4.9.44"
  resolved "https://registry.yarnpkg.com/@umijs/ssr-darkreader/-/ssr-darkreader-4.9.44.tgz#addee781c991af31dde0b464b077198538bd7990"
  integrity sha512-HppwdNiHI4hA/WP29HGLr1c1Hn2+g+EDzcHrXXaad1ftfxQc52/yljDB4cX8yna8l3WcGw7CgVer7/uHRyYNMg==

"@umijs/use-params@^1.0.9":
  version "1.0.9"
  resolved "https://registry.yarnpkg.com/@umijs/use-params/-/use-params-1.0.9.tgz#0ae4a87f4922d8e8e3fb4495b0f8f4de9ca38c52"
  integrity sha512-QlN0RJSBVQBwLRNxbxjQ5qzqYIGn+K7USppMoIOVlf7fxXHsnQZ2bEsa6Pm74bt6DVQxpUE8HqvdStn6Y9FV1w==

antd@^4.18.2:
  version "4.18.2"
  resolved "https://registry.yarnpkg.com/antd/-/antd-4.18.2.tgz#e4d03b2229b1f4b3b204e5e5539693aa653d3b7e"
  integrity sha512-omezo7dtskrfGoSOoHYbA2jyaSVDd2UsxS5WM8GWyuIDtguMqlTDFKF/5204s3IjXnSUiJLOuDOWSLPMyVwHrA==
  dependencies:
    "@ant-design/colors" "^6.0.0"
    "@ant-design/icons" "^4.7.0"
    "@ant-design/react-slick" "~0.28.1"
    "@babel/runtime" "^7.12.5"
    "@ctrl/tinycolor" "^3.4.0"
    array-tree-filter "^2.1.0"
    classnames "^2.2.6"
    copy-to-clipboard "^3.2.0"
    lodash "^4.17.21"
    memoize-one "^6.0.0"
    moment "^2.25.3"
    rc-cascader "~3.0.0-alpha.3"
    rc-checkbox "~2.3.0"
    rc-collapse "~3.1.0"
    rc-dialog "~8.6.0"
    rc-drawer "~4.4.2"
    rc-dropdown "~3.2.0"
    rc-field-form "~1.22.0-2"
    rc-image "~5.2.5"
    rc-input-number "~7.3.0"
    rc-mentions "~1.6.1"
    rc-menu "~9.1.1"
    rc-motion "^2.4.4"
    rc-notification "~4.5.7"
    rc-pagination "~3.1.9"
    rc-picker "~2.5.17"
    rc-progress "~3.2.1"
    rc-rate "~2.9.0"
    rc-resize-observer "^1.1.2"
    rc-select "~14.0.0-alpha.15"
    rc-slider "~9.7.4"
    rc-steps "~4.1.0"
    rc-switch "~3.2.0"
    rc-table "~7.21.0"
    rc-tabs "~11.10.0"
    rc-textarea "~0.3.0"
    rc-tooltip "~5.1.1"
    rc-tree "~5.3.5"
    rc-tree-select "~5.0.0-alpha.2"
    rc-trigger "^5.2.10"
    rc-upload "~4.3.0"
    rc-util "^5.14.0"
    scroll-into-view-if-needed "^2.2.25"

array-tree-filter@^2.1.0:
  version "2.1.0"
  resolved "https://registry.yarnpkg.com/array-tree-filter/-/array-tree-filter-2.1.0.tgz#873ac00fec83749f255ac8dd083814b4f6329190"
  integrity sha512-4ROwICNlNw/Hqa9v+rk5h22KjmzB1JGTMVKP2AKJBOCgb0yL0ASf0+YvCcLNNwquOHNX48jkeZIJ3a+oOQqKcw==

async-validator@^4.0.2:
  version "4.0.7"
  resolved "https://registry.yarnpkg.com/async-validator/-/async-validator-4.0.7.tgz#034a0fd2103a6b2ebf010da75183bec299247afe"
  integrity sha512-Pj2IR7u8hmUEDOwB++su6baaRi+QvsgajuFB9j95foM1N2gy5HM4z60hfusIO0fBPG5uLAEl6yCJr1jNSVugEQ==

classnames@2.x, classnames@^2.2.1, classnames@^2.2.3, classnames@^2.2.5, classnames@^2.2.6, classnames@^2.3.1:
  version "2.3.1"
  resolved "https://registry.yarnpkg.com/classnames/-/classnames-2.3.1.tgz#dfcfa3891e306ec1dad105d0e88f4417b8535e8e"
  integrity sha512-OlQdbZ7gLfGarSqxesMesDa5uz7KFbID8Kpq/SxIoNGDqY8lSYs0D+hhtBXhcdB3rcbXArFr7vlHheLk1voeNA==

compute-scroll-into-view@^1.0.17:
  version "1.0.17"
  resolved "https://registry.yarnpkg.com/compute-scroll-into-view/-/compute-scroll-into-view-1.0.17.tgz#6a88f18acd9d42e9cf4baa6bec7e0522607ab7ab"
  integrity sha512-j4dx+Fb0URmzbwwMUrhqWM2BEWHdFGx+qZ9qqASHRPqvTYdqvWnHg0H1hIbcyLnvgnoNAVMlwkepyqM3DaIFUg==

copy-to-clipboard@^3.2.0:
  version "3.3.1"
  resolved "https://registry.yarnpkg.com/copy-to-clipboard/-/copy-to-clipboard-3.3.1.tgz#115aa1a9998ffab6196f93076ad6da3b913662ae"
  integrity sha512-i13qo6kIHTTpCm8/Wup+0b1mVWETvu2kIMzKoK8FpkLkFxlt0znUAHcMzox+T8sPlqtZXq3CulEjQHsYiGFJUw==
  dependencies:
    toggle-selection "^1.0.6"

csstype@^3.0.2:
  version "3.0.10"
  resolved "https://registry.yarnpkg.com/csstype/-/csstype-3.0.10.tgz#2ad3a7bed70f35b965707c092e5f30b327c290e5"
  integrity sha512-2u44ZG2OcNUO9HDp/Jl8C07x6pU/eTR3ncV91SiK3dhG9TWvRVsCoJw14Ckx5DgWkzGA3waZWO3d7pgqpUI/XA==

date-fns@2.x:
  version "2.26.0"
  resolved "https://registry.yarnpkg.com/date-fns/-/date-fns-2.26.0.tgz#fa45305543c392c4f914e50775fd2a4461e60fbd"
  integrity sha512-VQI812dRi3cusdY/fhoBKvc6l2W8BPWU1FNVnFH9Nttjx4AFBRzfSVb/Eyc7jBT6e9sg1XtAGsYpBQ6c/jygbg==

dayjs@1.x:
  version "1.10.7"
  resolved "https://registry.yarnpkg.com/dayjs/-/dayjs-1.10.7.tgz#2cf5f91add28116748440866a0a1d26f3a6ce468"
  integrity sha512-P6twpd70BcPK34K26uJ1KT3wlhpuOAPoMwJzpsIWUxHZ7wpmbdZL/hQqBDfz7hGurYSa5PhzdhDHtt319hL3ig==

dom-align@^1.7.0:
  version "1.12.2"
  resolved "https://registry.yarnpkg.com/dom-align/-/dom-align-1.12.2.tgz#0f8164ebd0c9c21b0c790310493cd855892acd4b"
  integrity sha512-pHuazgqrsTFrGU2WLDdXxCFabkdQDx72ddkraZNih1KsMcN5qsRSTR9O4VJRlwTPCPb5COYg3LOfiMHHcPInHg==

fast-deep-equal@^3.1.3:
  version "3.1.3"
  resolved "https://registry.yarnpkg.com/fast-deep-equal/-/fast-deep-equal-3.1.3.tgz#3a7d56b559d6cbc3eb512325244e619a65c6c525"
  integrity sha512-f3qQ9oQy9j2AhBe/H9VC91wLmKBCCU/gDOnKNAYG5hswO7BLKj09Hc5HYNz9cGI++xlpDCIgDaitVs03ATR84Q==

history@^4.9.0:
  version "4.10.1"
  resolved "https://registry.yarnpkg.com/history/-/history-4.10.1.tgz#33371a65e3a83b267434e2b3f3b1b4c58aad4cf3"
  integrity sha512-36nwAD620w12kuzPAsyINPWJqlNbij+hpK1k9XRloDtym8mxzGYl2c17LnV6IAGB2Dmg4tEa7G7DlawS0+qjew==
  dependencies:
    "@babel/runtime" "^7.1.2"
    loose-envify "^1.2.0"
    resolve-pathname "^3.0.0"
    tiny-invariant "^1.0.2"
    tiny-warning "^1.0.0"
    value-equal "^1.0.1"

hoist-non-react-statics@^3.1.0:
  version "3.3.2"
  resolved "https://registry.yarnpkg.com/hoist-non-react-statics/-/hoist-non-react-statics-3.3.2.tgz#ece0acaf71d62c2969c2ec59feff42a4b1a85b45"
  integrity sha512-/gGivxi8JPKWNm/W0jSmzcMPpfpPLc3dY/6GxhX2hQ9iGj3aDfklV4ET7NjKpSinLpJ5vafa9iiGIEZg10SfBw==
  dependencies:
    react-is "^16.7.0"

invariant@^2.2.4:
  version "2.2.4"
  resolved "https://registry.yarnpkg.com/invariant/-/invariant-2.2.4.tgz#610f3c92c9359ce1db616e538008d23ff35158e6"
  integrity sha512-phJfQVBuaJM5raOpJjSfkiD6BpbCE4Ns//LaXl6wGYtUBY83nWS6Rf9tXm2e8VaK60JEjYldbPif/A2B1C2gNA==
  dependencies:
    loose-envify "^1.0.0"

isarray@0.0.1:
  version "0.0.1"
  resolved "https://registry.yarnpkg.com/isarray/-/isarray-0.0.1.tgz#8a18acfca9a8f4177e09abfc6038939b05d1eedf"
  integrity sha1-ihis/Kmo9Bd+Cav8YDiTmwXR7t8=

"js-tokens@^3.0.0 || ^4.0.0":
  version "4.0.0"
  resolved "https://registry.yarnpkg.com/js-tokens/-/js-tokens-4.0.0.tgz#19203fb59991df98e3a287050d4647cdeaf32499"
  integrity sha512-RdJUflcE3cUzKiMqQgsCu06FPu9UdIJO0beYbPhHN4k6apgJtifcoCtT9bcxOpYBtpD2kCM6Sbzg4CausW/PKQ==

json2mq@^0.2.0:
  version "0.2.0"
  resolved "https://registry.yarnpkg.com/json2mq/-/json2mq-0.2.0.tgz#b637bd3ba9eabe122c83e9720483aeb10d2c904a"
  integrity sha1-tje9O6nqvhIsg+lyBIOusQ0skEo=
  dependencies:
    string-convert "^0.2.0"

lodash-es@^4.17.15:
  version "4.17.21"
  resolved "https://registry.yarnpkg.com/lodash-es/-/lodash-es-4.17.21.tgz#43e626c46e6591b7750beb2b50117390c609e3ee"
  integrity sha512-mKnC+QJ9pWVzv+C4/U3rRsHapFfHvQFoFB92e52xeyGMcX6/OlIl78je1u8vePzYZSkkogMPJ2yjxxsb89cxyw==

lodash.isequal@^4.5.0:
  version "4.5.0"
  resolved "https://registry.yarnpkg.com/lodash.isequal/-/lodash.isequal-4.5.0.tgz#415c4478f2bcc30120c22ce10ed3226f7d3e18e0"
  integrity sha1-QVxEePK8wwEgwizhDtMib30+GOA=

lodash.merge@^4.6.2:
  version "4.6.2"
  resolved "https://registry.yarnpkg.com/lodash.merge/-/lodash.merge-4.6.2.tgz#558aa53b43b661e1925a0afdfa36a9a1085fe57a"
  integrity sha512-0KpjqXRVvrYyCsX1swR/XTK0va6VQkQM6MNo7PqW77ByjAhoARA8EfrP1N4+KlKj8YS0ZUCtRT/YUuhyYDujIQ==

lodash.tonumber@^4.0.3:
  version "4.0.3"
  resolved "https://registry.yarnpkg.com/lodash.tonumber/-/lodash.tonumber-4.0.3.tgz#0b96b31b35672793eb7f5a63ee791f1b9e9025d9"
  integrity sha1-C5azGzVnJ5Prf1pj7nkfG56QJdk=

lodash@^4.0.1, lodash@^4.17.15, lodash@^4.17.21:
  version "4.17.21"
  resolved "https://registry.yarnpkg.com/lodash/-/lodash-4.17.21.tgz#679591c564c3bffaae8454cf0b3df370c3d6911c"
  integrity sha512-v2kDEe57lecTulaDIuNTPy3Ry4gLGJ6Z1O3vE1krgXZNrsQ+LFTGHVxVjcXPs17LhbZVGedAJv8XZ1tvj5FvSg==

loose-envify@^1.0.0, loose-envify@^1.1.0, loose-envify@^1.2.0, loose-envify@^1.3.1, loose-envify@^1.4.0:
  version "1.4.0"
  resolved "https://registry.yarnpkg.com/loose-envify/-/loose-envify-1.4.0.tgz#71ee51fa7be4caec1a63839f7e682d8132d30caf"
  integrity sha512-lyuxPGr/Wfhrlem2CL/UcnUc1zcqKAImBDzukY7Y5F/yQiNdko6+fRLevlw1HgMySw7f611UIY408EtxRSoK3Q==
  dependencies:
    js-tokens "^3.0.0 || ^4.0.0"

material-colors@^1.2.1:
  version "1.2.6"
  resolved "https://registry.yarnpkg.com/material-colors/-/material-colors-1.2.6.tgz#6d1958871126992ceecc72f4bcc4d8f010865f46"
  integrity sha512-6qE4B9deFBIa9YSpOc9O0Sgc43zTeVYbgDT5veRKSlB2+ZuHNoVVxA1L/ckMUayV9Ay9y7Z/SZCLcGteW9i7bg==

memoize-one@^5.1.1:
  version "5.2.1"
  resolved "https://registry.yarnpkg.com/memoize-one/-/memoize-one-5.2.1.tgz#8337aa3c4335581839ec01c3d594090cebe8f00e"
  integrity sha512-zYiwtZUcYyXKo/np96AGZAckk+FWWsUdJ3cHGGmld7+AhvcWmQyGCYUh1hc4Q/pkOhb65dQR/pqCyK0cOaHz4Q==

memoize-one@^6.0.0:
  version "6.0.0"
  resolved "https://registry.yarnpkg.com/memoize-one/-/memoize-one-6.0.0.tgz#b2591b871ed82948aee4727dc6abceeeac8c1045"
  integrity sha512-rkpe71W0N0c0Xz6QD0eJETuWAJGnJ9afsl1srmwPrI+yBCkge5EycXXbYRyvL29zZVUWQCY7InPRCv3GDXuZNw==

mini-create-react-context@^0.4.0:
  version "0.4.1"
  resolved "https://registry.yarnpkg.com/mini-create-react-context/-/mini-create-react-context-0.4.1.tgz#072171561bfdc922da08a60c2197a497cc2d1d5e"
  integrity sha512-YWCYEmd5CQeHGSAKrYvXgmzzkrvssZcuuQDDeqkT+PziKGMgE+0MCCtcKbROzocGBG1meBLl2FotlRwf4gAzbQ==
  dependencies:
    "@babel/runtime" "^7.12.1"
    tiny-warning "^1.0.3"

mobx-react-lite@^3.2.0:
  version "3.2.2"
  resolved "https://registry.yarnpkg.com/mobx-react-lite/-/mobx-react-lite-3.2.2.tgz#cee5f09e6b0e4d2705d87276baf1de74d997fa33"
  integrity sha512-FxJJMqmHcnQYOVVs2DdjNHioGlFsXF5/9VHztS9NAfIT3DYrxNZzVi119Zr/OmlWKkWNkAsssSNzPkqautfL4A==

mobx-react@^7.2.1:
  version "7.2.1"
  resolved "https://registry.yarnpkg.com/mobx-react/-/mobx-react-7.2.1.tgz#e9d4c04dc63d05e1139ce773f5fee7a5b4cb7c78"
  integrity sha512-LZS99KFLn75VWDXPdRJhILzVQ7qLcRjQbzkK+wVs0Qg4kWw5hOI2USp7tmu+9zP9KYsVBmKyx2k/8cTTBfsymw==
  dependencies:
    mobx-react-lite "^3.2.0"

moment@^2.24.0, moment@^2.25.3, moment@^2.27.0, moment@^2.29.1:
  version "2.29.1"
  resolved "https://registry.yarnpkg.com/moment/-/moment-2.29.1.tgz#b2be769fa31940be9eeea6469c075e35006fa3d3"
  integrity sha512-kHmoybcPV8Sqy59DwNDY3Jefr64lK/by/da0ViFcuA4DH0vQg5Q6Ze5VimxkfQNSC+Mls/Kx53s7TjP1RhFEDQ==

object-assign@^4.1.1:
  version "4.1.1"
  resolved "https://registry.yarnpkg.com/object-assign/-/object-assign-4.1.1.tgz#2109adc7965887cfc05cbbd442cac8bfbb360863"
  integrity sha1-IQmtx5ZYh8/AXLvUQsrIv7s2CGM=

object-path@^0.11.5:
  version "0.11.8"
  resolved "https://registry.yarnpkg.com/object-path/-/object-path-0.11.8.tgz#ed002c02bbdd0070b78a27455e8ae01fc14d4742"
  integrity sha512-YJjNZrlXJFM42wTBn6zgOJVar9KFJvzx6sTWDte8sWZF//cnjl0BxHNpfZx+ZffXX63A9q0b1zsFiBX4g4X5KA==

omit.js@^2.0.2:
  version "2.0.2"
  resolved "https://registry.yarnpkg.com/omit.js/-/omit.js-2.0.2.tgz#dd9b8436fab947a5f3ff214cb2538631e313ec2f"
  integrity sha512-hJmu9D+bNB40YpL9jYebQl4lsTW6yEHRTroJzNLqQJYHm7c+NQnJGfZmIWh8S3q3KoaxV1aLhV6B3+0N0/kyJg==

path-to-regexp@2.4.0:
  version "2.4.0"
  resolved "https://registry.yarnpkg.com/path-to-regexp/-/path-to-regexp-2.4.0.tgz#35ce7f333d5616f1c1e1bfe266c3aba2e5b2e704"
  integrity sha512-G6zHoVqC6GGTQkZwF4lkuEyMbVOjoBKAEybQUypI1WTkqinCOrq2x6U2+phkJ1XsEMTy4LjtwPI7HW+NVrRR2w==

path-to-regexp@^1.7.0:
  version "1.8.0"
  resolved "https://registry.yarnpkg.com/path-to-regexp/-/path-to-regexp-1.8.0.tgz#887b3ba9d84393e87a0a0b9f4cb756198b53548a"
  integrity sha512-n43JRhlUKUAlibEJhPeir1ncUID16QnEjNpwzNdO3Lm4ywrBpBZ5oLD0I6br9evr1Y9JTqwRtAh7JLoOzAQdVA==
  dependencies:
    isarray "0.0.1"

prop-types@^15.5.10, prop-types@^15.5.7, prop-types@^15.6.2:
  version "15.7.2"
  resolved "https://registry.yarnpkg.com/prop-types/-/prop-types-15.7.2.tgz#52c41e75b8c87e72b9d9360e0206b99dcbffa6c5"
  integrity sha512-8QQikdH7//R2vurIJSutZ1smHYTcLpRWEOlHnzcWHmBYrOGUysKwSsrC89BCiFj3CbrfJ/nXFdJepOVrY1GCHQ==
  dependencies:
    loose-envify "^1.4.0"
    object-assign "^4.1.1"
    react-is "^16.8.1"

rc-align@^4.0.0:
  version "4.0.11"
  resolved "https://registry.yarnpkg.com/rc-align/-/rc-align-4.0.11.tgz#8198c62db266bc1b8ef05e56c13275bf72628a5e"
  integrity sha512-n9mQfIYQbbNTbefyQnRHZPWuTEwG1rY4a9yKlIWHSTbgwI+XUMGRYd0uJ5pE2UbrNX0WvnMBA1zJ3Lrecpra/A==
  dependencies:
    "@babel/runtime" "^7.10.1"
    classnames "2.x"
    dom-align "^1.7.0"
    lodash "^4.17.21"
    rc-util "^5.3.0"
    resize-observer-polyfill "^1.5.1"

rc-cascader@~3.0.0-alpha.3:
  version "3.0.0-alpha.6"
  resolved "https://registry.yarnpkg.com/rc-cascader/-/rc-cascader-3.0.0-alpha.6.tgz#62cba394310bfd8844fa1a96cdf117bdffd8f911"
  integrity sha512-DdMtH7KO5qvNoKl1gVo2I/5or6xBmPYWxVgd22HuhHemZcCSiSXutKCSAkr2A2R0td8moQYSySmgAGrHJdmbDQ==
  dependencies:
    "@babel/runtime" "^7.12.5"
    array-tree-filter "^2.1.0"
    classnames "^2.3.1"
    rc-select "~14.0.0-alpha.8"
    rc-tree "~5.3.4"
    rc-util "^5.6.1"

rc-checkbox@~2.3.0:
  version "2.3.2"
  resolved "https://registry.yarnpkg.com/rc-checkbox/-/rc-checkbox-2.3.2.tgz#f91b3678c7edb2baa8121c9483c664fa6f0aefc1"
  integrity sha512-afVi1FYiGv1U0JlpNH/UaEXdh6WUJjcWokj/nUN2TgG80bfG+MDdbfHKlLcNNba94mbjy2/SXJ1HDgrOkXGAjg==
  dependencies:
    "@babel/runtime" "^7.10.1"
    classnames "^2.2.1"

rc-collapse@~3.1.0:
  version "3.1.2"
  resolved "https://registry.yarnpkg.com/rc-collapse/-/rc-collapse-3.1.2.tgz#76028a811b845d03d9460ccc409c7ea8ad09db14"
  integrity sha512-HujcKq7mghk/gVKeI6EjzTbb8e19XUZpakrYazu1MblEZ3Hu3WBMSN4A3QmvbF6n1g7x6lUlZvsHZ5shABWYOQ==
  dependencies:
    "@babel/runtime" "^7.10.1"
    classnames "2.x"
    rc-motion "^2.3.4"
    rc-util "^5.2.1"
    shallowequal "^1.1.0"

rc-dialog@~8.6.0:
  version "8.6.0"
  resolved "https://registry.yarnpkg.com/rc-dialog/-/rc-dialog-8.6.0.tgz#3b228dac085de5eed8c6237f31162104687442e7"
  integrity sha512-GSbkfqjqxpZC5/zc+8H332+q5l/DKUhpQr0vdX2uDsxo5K0PhvaMEVjyoJUTkZ3+JstEADQji1PVLVb/2bJeOQ==
  dependencies:
    "@babel/runtime" "^7.10.1"
    classnames "^2.2.6"
    rc-motion "^2.3.0"
    rc-util "^5.6.1"

rc-drawer@~4.4.2:
  version "4.4.3"
  resolved "https://registry.yarnpkg.com/rc-drawer/-/rc-drawer-4.4.3.tgz#2094937a844e55dc9644236a2d9fba79c344e321"
  integrity sha512-FYztwRs3uXnFOIf1hLvFxIQP9MiZJA+0w+Os8dfDh/90X7z/HqP/Yg+noLCIeHEbKln1Tqelv8ymCAN24zPcfQ==
  dependencies:
    "@babel/runtime" "^7.10.1"
    classnames "^2.2.6"
    rc-util "^5.7.0"

rc-dropdown@^3.2.0, rc-dropdown@~3.2.0:
  version "3.2.0"
  resolved "https://registry.yarnpkg.com/rc-dropdown/-/rc-dropdown-3.2.0.tgz#da6c2ada403842baee3a9e909a0b1a91ba3e1090"
  integrity sha512-j1HSw+/QqlhxyTEF6BArVZnTmezw2LnSmRk6I9W7BCqNCKaRwleRmMMs1PHbuaG8dKHVqP6e21RQ7vPBLVnnNw==
  dependencies:
    "@babel/runtime" "^7.10.1"
    classnames "^2.2.6"
    rc-trigger "^5.0.4"

rc-field-form@~1.22.0-2:
  version "1.22.1"
  resolved "https://registry.yarnpkg.com/rc-field-form/-/rc-field-form-1.22.1.tgz#0bd2f4e730ff2f071529d00bef28e062362890f5"
  integrity sha512-LweU7nBeqmC5r3HDUjRprcOXXobHXp/TGIxD7ppBq5FX6Iptt3ibdpRVg4RSyNulBNGHOuknHlRcguuIpvVMVg==
  dependencies:
    "@babel/runtime" "^7.8.4"
    async-validator "^4.0.2"
    rc-util "^5.8.0"

rc-image@~5.2.5:
  version "5.2.5"
  resolved "https://registry.yarnpkg.com/rc-image/-/rc-image-5.2.5.tgz#44e6ffc842626827960e7ab72e1c0d6f3a8ce440"
  integrity sha512-qUfZjYIODxO0c8a8P5GeuclYXZjzW4hV/5hyo27XqSFo1DmTCs2HkVeQObkcIk5kNsJtgsj1KoPThVsSc/PXOw==
  dependencies:
    "@babel/runtime" "^7.11.2"
    classnames "^2.2.6"
    rc-dialog "~8.6.0"
    rc-util "^5.0.6"

rc-input-number@~7.3.0:
  version "7.3.4"
  resolved "https://registry.yarnpkg.com/rc-input-number/-/rc-input-number-7.3.4.tgz#674aea98260250287d36e330a7e065b174486e9d"
  integrity sha512-W9uqSzuvJUnz8H8vsVY4kx+yK51SsAxNTwr8SNH4G3XqQNocLVmKIibKFRjocnYX1RDHMND9FFbgj2h7E7nvGA==
  dependencies:
    "@babel/runtime" "^7.10.1"
    classnames "^2.2.5"
    rc-util "^5.9.8"

rc-mentions@~1.6.1:
  version "1.6.1"
  resolved "https://registry.yarnpkg.com/rc-mentions/-/rc-mentions-1.6.1.tgz#46035027d64aa33ef840ba0fbd411871e34617ae"
  integrity sha512-LDzGI8jJVGnkhpTZxZuYBhMz3avcZZqPGejikchh97xPni/g4ht714Flh7DVvuzHQ+BoKHhIjobHnw1rcP8erg==
  dependencies:
    "@babel/runtime" "^7.10.1"
    classnames "^2.2.6"
    rc-menu "^9.0.0"
    rc-textarea "^0.3.0"
    rc-trigger "^5.0.4"
    rc-util "^5.0.1"

rc-menu@^9.0.0:
  version "9.0.14"
  resolved "https://registry.yarnpkg.com/rc-menu/-/rc-menu-9.0.14.tgz#289bda4a2f6c5ebb3248e2e305d52cf0c73cb9d5"
  integrity sha512-CIox5mZeLDAi32SlHrV7UeSjv7tmJJhwRyxQtZCKt351w3q59XlL4WMFOmtT9gwIfP9h0XoxdBZUMe/xzkp78A==
  dependencies:
    "@babel/runtime" "^7.10.1"
    classnames "2.x"
    rc-motion "^2.4.3"
    rc-overflow "^1.2.0"
    rc-trigger "^5.1.2"
    rc-util "^5.12.0"
    shallowequal "^1.1.0"

rc-menu@~9.1.1:
  version "9.1.1"
  resolved "https://registry.yarnpkg.com/rc-menu/-/rc-menu-9.1.1.tgz#c44b9d8a9af6d1c26cf9cfeb9776b216bcee060d"
  integrity sha512-yavNNsTgWOlUYwOrJtO8s1Hn0haUvc/x5ozx9KA/H0VspOksIFeWOp7lsEQ3juWyBI2VltDxWQ2DHc65OhZ5pg==
  dependencies:
    "@babel/runtime" "^7.10.1"
    classnames "2.x"
    rc-motion "^2.4.3"
    rc-overflow "^1.2.0"
    rc-trigger "^5.1.2"
    rc-util "^5.12.0"
    shallowequal "^1.1.0"

rc-motion@^2.0.0, rc-motion@^2.0.1, rc-motion@^2.2.0, rc-motion@^2.3.0, rc-motion@^2.3.4, rc-motion@^2.4.3, rc-motion@^2.4.4:
  version "2.4.4"
  resolved "https://registry.yarnpkg.com/rc-motion/-/rc-motion-2.4.4.tgz#e995d5fa24fc93065c24f714857cf2677d655bb0"
  integrity sha512-ms7n1+/TZQBS0Ydd2Q5P4+wJTSOrhIrwNxLXCZpR7Fa3/oac7Yi803HDALc2hLAKaCTQtw9LmQeB58zcwOsqlQ==
  dependencies:
    "@babel/runtime" "^7.11.1"
    classnames "^2.2.1"
    rc-util "^5.2.1"

rc-notification@~4.5.7:
  version "4.5.7"
  resolved "https://registry.yarnpkg.com/rc-notification/-/rc-notification-4.5.7.tgz#265e6e6a0c1a0fac63d6abd4d832eb8ff31522f1"
  integrity sha512-zhTGUjBIItbx96SiRu3KVURcLOydLUHZCPpYEn1zvh+re//Tnq/wSxN4FKgp38n4HOgHSVxcLEeSxBMTeBBDdw==
  dependencies:
    "@babel/runtime" "^7.10.1"
    classnames "2.x"
    rc-motion "^2.2.0"
    rc-util "^5.0.1"

rc-overflow@^1.0.0, rc-overflow@^1.2.0:
  version "1.2.2"
  resolved "https://registry.yarnpkg.com/rc-overflow/-/rc-overflow-1.2.2.tgz#95b0222016c0cdbdc0db85f569c262e7706a5f22"
  integrity sha512-X5kj9LDU1ue5wHkqvCprJWLKC+ZLs3p4He/oxjZ1Q4NKaqKBaYf5OdSzRSgh3WH8kSdrfU8LjvlbWnHgJOEkNQ==
  dependencies:
    "@babel/runtime" "^7.11.1"
    classnames "^2.2.1"
    rc-resize-observer "^1.0.0"
    rc-util "^5.5.1"

rc-pagination@~3.1.9:
  version "3.1.14"
  resolved "https://registry.yarnpkg.com/rc-pagination/-/rc-pagination-3.1.14.tgz#1f7d0342edb80dca0989e4ddbe937b1d4657d88d"
  integrity sha512-tcugvxrtPiVU00Uh0IwC8NIUlxa4KtA9pXcaMNJdSHeO2uQqVkHEwllsULTAWRF3zRV2ozo2weP/DRKIUrX+Zg==
  dependencies:
    "@babel/runtime" "^7.10.1"
    classnames "^2.2.1"

rc-picker@~2.5.17:
  version "2.5.19"
  resolved "https://registry.yarnpkg.com/rc-picker/-/rc-picker-2.5.19.tgz#73d07546fac3992f0bfabf2789654acada39e46f"
  integrity sha512-u6myoCu/qiQ0vLbNzSzNrzTQhs7mldArCpPHrEI6OUiifs+IPXmbesqSm0zilJjfzrZJLgYeyyOMSznSlh0GKA==
  dependencies:
    "@babel/runtime" "^7.10.1"
    classnames "^2.2.1"
    date-fns "2.x"
    dayjs "1.x"
    moment "^2.24.0"
    rc-trigger "^5.0.4"
    rc-util "^5.4.0"
    shallowequal "^1.1.0"

rc-progress@~3.2.1:
  version "3.2.4"
  resolved "https://registry.yarnpkg.com/rc-progress/-/rc-progress-3.2.4.tgz#4036acdae2566438545bc4df2203248babaf7549"
  integrity sha512-M9WWutRaoVkPUPIrTpRIDpX0SPSrVHzxHdCRCbeoBFrd9UFWTYNWRlHsruJM5FH1AZI+BwB4wOJUNNylg/uFSw==
  dependencies:
    "@babel/runtime" "^7.10.1"
    classnames "^2.2.6"
    rc-util "^5.16.1"

rc-rate@~2.9.0:
  version "2.9.1"
  resolved "https://registry.yarnpkg.com/rc-rate/-/rc-rate-2.9.1.tgz#e43cb95c4eb90a2c1e0b16ec6614d8c43530a731"
  integrity sha512-MmIU7FT8W4LYRRHJD1sgG366qKtSaKb67D0/vVvJYR0lrCuRrCiVQ5qhfT5ghVO4wuVIORGpZs7ZKaYu+KMUzA==
  dependencies:
    "@babel/runtime" "^7.10.1"
    classnames "^2.2.5"
    rc-util "^5.0.1"

rc-resize-observer@^1.0.0:
  version "1.0.1"
  resolved "https://registry.yarnpkg.com/rc-resize-observer/-/rc-resize-observer-1.0.1.tgz#ccd0986543ff1bf49f8a581e8ac4bb714ed24dcd"
  integrity sha512-OxO2mJI9e8610CAWBFfm52SPvWib0eNKjaSsRbbKHmLaJIxw944P+D61DlLJ/w2vuOjGNcalJu8VdqyNm/XCRg==
  dependencies:
    "@babel/runtime" "^7.10.1"
    classnames "^2.2.1"
    rc-util "^5.0.0"
    resize-observer-polyfill "^1.5.1"

rc-resize-observer@^1.1.0:
  version "1.1.1"
  resolved "https://registry.yarnpkg.com/rc-resize-observer/-/rc-resize-observer-1.1.1.tgz#ef666e38065f550730176404bae2ce8ca5fb1ac4"
  integrity sha512-5A3B9ha297ItltzXl812WFE36SyRDTNclfrXE3FL1pEwXkBh7iSEzxjzfwsPeMcF9ahy3ZoxLgLuRksXBGGD6A==
  dependencies:
    "@babel/runtime" "^7.10.1"
    classnames "^2.2.1"
    rc-util "^5.15.0"
    resize-observer-polyfill "^1.5.1"

rc-resize-observer@^1.1.2:
  version "1.1.2"
  resolved "https://registry.yarnpkg.com/rc-resize-observer/-/rc-resize-observer-1.1.2.tgz#214bc5d0de19e0a5fcd7d8352d9c1560dd7531b7"
  integrity sha512-Qp+1x6D88FxyWBFRYP95IV9A1o0xlkC6qhiTX3YakE+o86QH9IzC7UVnltwmm4Q8uYH+E3F/HRmEiuxXJECdSw==
  dependencies:
    "@babel/runtime" "^7.10.1"
    classnames "^2.2.1"
    rc-util "^5.15.0"
    resize-observer-polyfill "^1.5.1"

rc-select@~14.0.0-alpha.15, rc-select@~14.0.0-alpha.8:
  version "14.0.0-alpha.20"
  resolved "https://registry.yarnpkg.com/rc-select/-/rc-select-14.0.0-alpha.20.tgz#565e417fbd3b5954658f90c889b81281f3482e1e"
  integrity sha512-Av+CnW4reHivmqxSRgY9KaPAPe5inXNFr0Es7CD3BiQSMZ5iByrZeOrOBBzq3A6+qp06X6hdaS8y2qLycgyT0w==
  dependencies:
    "@babel/runtime" "^7.10.1"
    classnames "2.x"
    rc-motion "^2.0.1"
    rc-overflow "^1.0.0"
    rc-trigger "^5.0.4"
    rc-util "^5.16.1"
    rc-virtual-list "^3.2.0"

rc-slider@~9.7.4:
  version "9.7.4"
  resolved "https://registry.yarnpkg.com/rc-slider/-/rc-slider-9.7.4.tgz#430c860723bf6445ebf53517b550417a2f25eed1"
  integrity sha512-pjLKLiDKiaL7/pNywfIBD+lDo5TtVo05KuIBSWEIoqu6FHh6IMWvthCiaODuYaVs3RLeF2nXOP5AjkD2Lt2Rwg==
  dependencies:
    "@babel/runtime" "^7.10.1"
    classnames "^2.2.5"
    rc-tooltip "^5.0.1"
    rc-util "^5.0.0"
    shallowequal "^1.1.0"

rc-steps@~4.1.0:
  version "4.1.4"
  resolved "https://registry.yarnpkg.com/rc-steps/-/rc-steps-4.1.4.tgz#0ba82db202d59ca52d0693dc9880dd145b19dc23"
  integrity sha512-qoCqKZWSpkh/b03ASGx1WhpKnuZcRWmvuW+ZUu4mvMdfvFzVxblTwUM+9aBd0mlEUFmt6GW8FXhMpHkK3Uzp3w==
  dependencies:
    "@babel/runtime" "^7.10.2"
    classnames "^2.2.3"
    rc-util "^5.0.1"

rc-switch@~3.2.0:
  version "3.2.2"
  resolved "https://registry.yarnpkg.com/rc-switch/-/rc-switch-3.2.2.tgz#d001f77f12664d52595b4f6fb425dd9e66fba8e8"
  integrity sha512-+gUJClsZZzvAHGy1vZfnwySxj+MjLlGRyXKXScrtCTcmiYNPzxDFOxdQ/3pK1Kt/0POvwJ/6ALOR8gwdXGhs+A==
  dependencies:
    "@babel/runtime" "^7.10.1"
    classnames "^2.2.1"
    rc-util "^5.0.1"

rc-table@~7.21.0:
  version "7.21.1"
  resolved "https://registry.yarnpkg.com/rc-table/-/rc-table-7.21.1.tgz#37db960c9d8cb68f11b7ae0d4a9cb8428e527225"
  integrity sha512-b9CdrJR1k4mJoddPMmeyAe6YOFpYAPWAEzAG4O4tFOpIGB7mnvwlNhZT2qnjdixPioQ1w6IHiu7RGaPPz+wjRA==
  dependencies:
    "@babel/runtime" "^7.10.1"
    classnames "^2.2.5"
    rc-resize-observer "^1.1.0"
    rc-util "^5.14.0"
    shallowequal "^1.1.0"

rc-tabs@~11.10.0:
  version "11.10.3"
  resolved "https://registry.yarnpkg.com/rc-tabs/-/rc-tabs-11.10.3.tgz#171c33b340b5a83ababe53034c569b0422046781"
  integrity sha512-rPxsci+76/nnJowNOBO3LTi4eL6trG49cR9yPc4XbuyHXhCHUujN5F4+jFl7trISy+yVN6gCZ/wiTtVnkcR/UA==
  dependencies:
    "@babel/runtime" "^7.11.2"
    classnames "2.x"
    rc-dropdown "^3.2.0"
    rc-menu "^9.0.0"
    rc-resize-observer "^1.0.0"
    rc-util "^5.5.0"

rc-textarea@^0.3.0, rc-textarea@~0.3.0:
  version "0.3.5"
  resolved "https://registry.yarnpkg.com/rc-textarea/-/rc-textarea-0.3.5.tgz#07ed445dddb94e5ae6764676923a49bddad9b2ec"
  integrity sha512-qa+k5vDn9ct65qr+SgD2KwJ9Xz6P84lG2z+TDht/RBr71WnM/K61PqHUAcUyU6YqTJD26IXgjPuuhZR7HMw7eA==
  dependencies:
    "@babel/runtime" "^7.10.1"
    classnames "^2.2.1"
    rc-resize-observer "^1.0.0"
    rc-util "^5.7.0"

rc-tooltip@^5.0.1, rc-tooltip@~5.1.1:
  version "5.1.1"
  resolved "https://registry.yarnpkg.com/rc-tooltip/-/rc-tooltip-5.1.1.tgz#94178ed162d0252bc4993b725f5dc2ac0fccf154"
  integrity sha512-alt8eGMJulio6+4/uDm7nvV+rJq9bsfxFDCI0ljPdbuoygUscbsMYb6EQgwib/uqsXQUvzk+S7A59uYHmEgmDA==
  dependencies:
    "@babel/runtime" "^7.11.2"
    rc-trigger "^5.0.0"

rc-tree-select@~5.0.0-alpha.2:
  version "5.0.0-alpha.4"
  resolved "https://registry.yarnpkg.com/rc-tree-select/-/rc-tree-select-5.0.0-alpha.4.tgz#1bdc28f5bada4bf4475c315bad72aa677964d076"
  integrity sha512-jKM8XoN3W/7cQmOP+Ypqcu2b2aa7GS8ZIzbAvdLzHt0h0/pTTuyzsNDpejgrX0+S0D0VkpYaZ1dxJQQ7Tinc1Q==
  dependencies:
    "@babel/runtime" "^7.10.1"
    classnames "2.x"
    rc-select "~14.0.0-alpha.8"
    rc-tree "~5.3.3"
    rc-util "^5.16.1"

rc-tree@~5.3.3, rc-tree@~5.3.4, rc-tree@~5.3.5:
  version "5.3.7"
  resolved "https://registry.yarnpkg.com/rc-tree/-/rc-tree-5.3.7.tgz#556c1e265cb426108fa6bd961b72ec8c26b558cb"
  integrity sha512-H3KLD/bvqaBqqQ6zNgP5/ostffkSi4wuMSEYqhqFheJWPDveNrML10m3mvc6hZB39cRrp1YSQANaIQ1VcLYiXQ==
  dependencies:
    "@babel/runtime" "^7.10.1"
    classnames "2.x"
    rc-motion "^2.0.1"
    rc-util "^5.16.1"
    rc-virtual-list "^3.4.1"

rc-trigger@^5.0.0, rc-trigger@^5.0.4, rc-trigger@^5.1.2, rc-trigger@^5.2.10:
  version "5.2.10"
  resolved "https://registry.yarnpkg.com/rc-trigger/-/rc-trigger-5.2.10.tgz#8a0057a940b1b9027eaa33beec8a6ecd85cce2b1"
  integrity sha512-FkUf4H9BOFDaIwu42fvRycXMAvkttph9AlbCZXssZDVzz2L+QZ0ERvfB/4nX3ZFPh1Zd+uVGr1DEDeXxq4J1TA==
  dependencies:
    "@babel/runtime" "^7.11.2"
    classnames "^2.2.6"
    rc-align "^4.0.0"
    rc-motion "^2.0.0"
    rc-util "^5.5.0"

rc-upload@~4.3.0:
  version "4.3.2"
  resolved "https://registry.yarnpkg.com/rc-upload/-/rc-upload-4.3.2.tgz#3b56c8bdf7b25eab357e65453e032b7b10c6f3cc"
  integrity sha512-v0HdwC/19xKAn1OYZ4hTMUSqSs/IA0n1v4p/cioSSnKubHrdpcCXC45N+TFMSOZtBlf4+xMNCFo3KDih31lAMg==
  dependencies:
    "@babel/runtime" "^7.10.1"
    classnames "^2.2.5"
    rc-util "^5.2.0"

rc-util@^5.0.0, rc-util@^5.0.1, rc-util@^5.0.6, rc-util@^5.0.7, rc-util@^5.12.0, rc-util@^5.14.0, rc-util@^5.2.0, rc-util@^5.2.1, rc-util@^5.3.0, rc-util@^5.4.0, rc-util@^5.5.0, rc-util@^5.5.1, rc-util@^5.6.1, rc-util@^5.7.0, rc-util@^5.8.0, rc-util@^5.9.4, rc-util@^5.9.8:
  version "5.15.0"
  resolved "https://registry.yarnpkg.com/rc-util/-/rc-util-5.15.0.tgz#3527bd6c5806cf04476e17a0c7bf094fc8ea4666"
  integrity sha512-8RI8sjOCXD3FhD3dzQNBQetpGol6BBd3sHQ/8jSGk9NPT0CH3JGtBfPODnASyE7AdDpCFQMOmgcp9CBs3S/1hg==
  dependencies:
    "@babel/runtime" "^7.12.5"
    react-is "^16.12.0"
    shallowequal "^1.1.0"

rc-util@^5.15.0, rc-util@^5.16.1:
  version "5.16.1"
  resolved "https://registry.yarnpkg.com/rc-util/-/rc-util-5.16.1.tgz#374db7cb735512f05165ddc3d6b2c61c21b8b4e3"
  integrity sha512-kSCyytvdb3aRxQacS/71ta6c+kBWvM1v8/2h9d/HaNWauc3qB8pLnF20PJ8NajkNN8gb+rR1l0eWO+D4Pz+LLQ==
  dependencies:
    "@babel/runtime" "^7.12.5"
    react-is "^16.12.0"
    shallowequal "^1.1.0"

rc-virtual-list@^3.2.0, rc-virtual-list@^3.4.1:
  version "3.4.2"
  resolved "https://registry.yarnpkg.com/rc-virtual-list/-/rc-virtual-list-3.4.2.tgz#1078327aa7230b5e456d679ed2ce99f3c036ebd1"
  integrity sha512-OyVrrPvvFcHvV0ssz5EDZ+7Rf5qLat/+mmujjchNw5FfbJWNDwkpQ99EcVE6+FtNRmX9wFa1LGNpZLUTvp/4GQ==
  dependencies:
    classnames "^2.2.6"
    rc-resize-observer "^1.0.0"
    rc-util "^5.0.7"

react-color@2.19.3:
  version "2.19.3"
  resolved "https://registry.yarnpkg.com/react-color/-/react-color-2.19.3.tgz#ec6c6b4568312a3c6a18420ab0472e146aa5683d"
  integrity sha512-LEeGE/ZzNLIsFWa1TMe8y5VYqr7bibneWmvJwm1pCn/eNmrabWDh659JSPn9BuaMpEfU83WTOJfnCcjDZwNQTA==
  dependencies:
    "@icons/material" "^0.2.4"
    lodash "^4.17.15"
    lodash-es "^4.17.15"
    material-colors "^1.2.1"
    prop-types "^15.5.10"
    reactcss "^1.2.0"
    tinycolor2 "^1.4.1"

react-dom@^17.0.2:
  version "17.0.2"
  resolved "https://registry.yarnpkg.com/react-dom/-/react-dom-17.0.2.tgz#ecffb6845e3ad8dbfcdc498f0d0a939736502c23"
  integrity sha512-s4h96KtLDUQlsENhMn1ar8t2bEa+q/YAtj8pPPdIjPDGBDIVNsrD9aXNWqspUe6AzKCIG0C1HZZLqLV7qpOBGA==
  dependencies:
    loose-envify "^1.1.0"
    object-assign "^4.1.1"
    scheduler "^0.20.2"

react-is@^16.12.0, react-is@^16.6.0, react-is@^16.7.0, react-is@^16.8.1:
  version "16.13.1"
  resolved "https://registry.yarnpkg.com/react-is/-/react-is-16.13.1.tgz#789729a4dc36de2999dc156dd6c1d9c18cea56a4"
  integrity sha512-24e6ynE2H+OKt4kqsOvNd8kBpV65zoxbA4BVsEOB3ARVWQki/DHzaUoC5KuON/BiccDaCCTZBuOcfZs70kR8bQ==

react-router-dom@^5.3.0:
  version "5.3.0"
  resolved "https://registry.yarnpkg.com/react-router-dom/-/react-router-dom-5.3.0.tgz#da1bfb535a0e89a712a93b97dd76f47ad1f32363"
  integrity sha512-ObVBLjUZsphUUMVycibxgMdh5jJ1e3o+KpAZBVeHcNQZ4W+uUGGWsokurzlF4YOldQYRQL4y6yFRWM4m3svmuQ==
  dependencies:
    "@babel/runtime" "^7.12.13"
    history "^4.9.0"
    loose-envify "^1.3.1"
    prop-types "^15.6.2"
    react-router "5.2.1"
    tiny-invariant "^1.0.2"
    tiny-warning "^1.0.0"

react-router@5.2.1:
  version "5.2.1"
  resolved "https://registry.yarnpkg.com/react-router/-/react-router-5.2.1.tgz#4d2e4e9d5ae9425091845b8dbc6d9d276239774d"
  integrity sha512-lIboRiOtDLFdg1VTemMwud9vRVuOCZmUIT/7lUoZiSpPODiiH1UQlfXy+vPLC/7IWdFYnhRwAyNqA/+I7wnvKQ==
  dependencies:
    "@babel/runtime" "^7.12.13"
    history "^4.9.0"
    hoist-non-react-statics "^3.1.0"
    loose-envify "^1.3.1"
    mini-create-react-context "^0.4.0"
    path-to-regexp "^1.7.0"
    prop-types "^15.6.2"
    react-is "^16.6.0"
    tiny-invariant "^1.0.2"
    tiny-warning "^1.0.0"

react-sortable-hoc@^2.0.0:
  version "2.0.0"
  resolved "https://registry.yarnpkg.com/react-sortable-hoc/-/react-sortable-hoc-2.0.0.tgz#f6780d8aa4b922a21f3e754af542f032677078b7"
  integrity sha512-JZUw7hBsAHXK7PTyErJyI7SopSBFRcFHDjWW5SWjcugY0i6iH7f+eJkY8cJmGMlZ1C9xz1J3Vjz0plFpavVeRg==
  dependencies:
    "@babel/runtime" "^7.2.0"
    invariant "^2.2.4"
    prop-types "^15.5.7"

react@^17.0.2:
  version "17.0.2"
  resolved "https://registry.yarnpkg.com/react/-/react-17.0.2.tgz#d0b5cc516d29eb3eee383f75b62864cfb6800037"
  integrity sha512-gnhPt75i/dq/z3/6q/0asP78D0u592D5L1pd7M8P+dck6Fu/jJeL6iVVK23fptSUZj8Vjf++7wXA8UNclGQcbA==
  dependencies:
    loose-envify "^1.1.0"
    object-assign "^4.1.1"

reactcss@^1.2.0:
  version "1.2.3"
  resolved "https://registry.yarnpkg.com/reactcss/-/reactcss-1.2.3.tgz#c00013875e557b1cf0dfd9a368a1c3dab3b548dd"
  integrity sha512-KiwVUcFu1RErkI97ywr8nvx8dNOpT03rbnma0SSalTYjkrPYaEajR4a/MRt6DZ46K6arDRbWMNHF+xH7G7n/8A==
  dependencies:
    lodash "^4.0.1"

regenerator-runtime@^0.13.4:
  version "0.13.9"
  resolved "https://registry.yarnpkg.com/regenerator-runtime/-/regenerator-runtime-0.13.9.tgz#8925742a98ffd90814988d7566ad30ca3b263b52"
  integrity sha512-p3VT+cOEgxFsRRA9X4lkI1E+k2/CtnKtU4gcxyaCUreilL/vqI6CdZ3wxVUx3UOUg+gnUOQQcRI7BmSI656MYA==

resize-observer-polyfill@^1.5.0, resize-observer-polyfill@^1.5.1:
  version "1.5.1"
  resolved "https://registry.yarnpkg.com/resize-observer-polyfill/-/resize-observer-polyfill-1.5.1.tgz#0e9020dd3d21024458d4ebd27e23e40269810464"
  integrity sha512-LwZrotdHOo12nQuZlHEmtuXdqGoOD0OhaxopaNFxWzInpEgaLWoVuAMbTzixuosCx2nEG58ngzW3vxdWoxIgdg==

resolve-pathname@^3.0.0:
  version "3.0.0"
  resolved "https://registry.yarnpkg.com/resolve-pathname/-/resolve-pathname-3.0.0.tgz#99d02224d3cf263689becbb393bc560313025dcd"
  integrity sha512-C7rARubxI8bXFNB/hqcp/4iUeIXJhJZvFPFPiSPRnhU5UPxzMFIl+2E6yY6c4k9giDJAhtV+enfA+G89N6Csng==

scheduler@^0.20.2:
  version "0.20.2"
  resolved "https://registry.yarnpkg.com/scheduler/-/scheduler-0.20.2.tgz#4baee39436e34aa93b4874bddcbf0fe8b8b50e91"
  integrity sha512-2eWfGgAqqWFGqtdMmcL5zCMK1U8KlXv8SQFGglL3CEtd0aDVDWgeF/YoCmvln55m5zSk3J/20hTaSBeSObsQDQ==
  dependencies:
    loose-envify "^1.1.0"
    object-assign "^4.1.1"

scroll-into-view-if-needed@^2.2.25:
  version "2.2.28"
  resolved "https://registry.yarnpkg.com/scroll-into-view-if-needed/-/scroll-into-view-if-needed-2.2.28.tgz#5a15b2f58a52642c88c8eca584644e01703d645a"
  integrity sha512-8LuxJSuFVc92+0AdNv4QOxRL4Abeo1DgLnGNkn1XlaujPH/3cCFz3QI60r2VNu4obJJROzgnIUw5TKQkZvZI1w==
  dependencies:
    compute-scroll-into-view "^1.0.17"

shallowequal@^1.1.0:
  version "1.1.0"
  resolved "https://registry.yarnpkg.com/shallowequal/-/shallowequal-1.1.0.tgz#188d521de95b9087404fd4dcb68b13df0ae4e7f8"
  integrity sha512-y0m1JoUZSlPAjXVtPPW70aZWfIL/dSP7AFkRnniLCrK/8MDKog3TySTBmckD+RObVxH0v4Tox67+F14PdED2oQ==

string-convert@^0.2.0:
  version "0.2.1"
  resolved "https://registry.yarnpkg.com/string-convert/-/string-convert-0.2.1.tgz#6982cc3049fbb4cd85f8b24568b9d9bf39eeff97"
  integrity sha1-aYLMMEn7tM2F+LJFaLnZvznu/5c=

swr@1.1.0:
  version "1.1.0"
  resolved "https://registry.yarnpkg.com/swr/-/swr-1.1.0.tgz#7710cdbc5ff664c13e41fba6a1fa4734f82aba35"
  integrity sha512-MFL3mkl752Uap81nLA1tEu7vQmikPamSziW+6dBidYKAo4oLOlUx/x5GZy4ZCkCwfZe2uedylkz1UMGnatUX4g==

tiny-invariant@^1.0.2:
  version "1.2.0"
  resolved "https://registry.yarnpkg.com/tiny-invariant/-/tiny-invariant-1.2.0.tgz#a1141f86b672a9148c72e978a19a73b9b94a15a9"
  integrity sha512-1Uhn/aqw5C6RI4KejVeTg6mIS7IqxnLJ8Mv2tV5rTc0qWobay7pDUz6Wi392Cnc8ak1H0F2cjoRzb2/AW4+Fvg==

tiny-warning@^1.0.0, tiny-warning@^1.0.3:
  version "1.0.3"
  resolved "https://registry.yarnpkg.com/tiny-warning/-/tiny-warning-1.0.3.tgz#94a30db453df4c643d0fd566060d60a875d84754"
  integrity sha512-lBN9zLN/oAf68o3zNXYrdCt1kP8WsiGW8Oo2ka41b2IM5JL/S1CTyX1rW0mb/zSuJun0ZUrDxx4sqvYS2FWzPA==

tinycolor2@^1.4.1:
  version "1.4.2"
  resolved "https://registry.yarnpkg.com/tinycolor2/-/tinycolor2-1.4.2.tgz#3f6a4d1071ad07676d7fa472e1fac40a719d8803"
  integrity sha512-vJhccZPs965sV/L2sU4oRQVAos0pQXwsvTLkWYdqJ+a8Q5kPFzJTuOFwy7UniPli44NKQGAglksjvOcpo95aZA==

toggle-selection@^1.0.6:
  version "1.0.6"
  resolved "https://registry.yarnpkg.com/toggle-selection/-/toggle-selection-1.0.6.tgz#6e45b1263f2017fa0acc7d89d78b15b8bf77da32"
  integrity sha1-bkWxJj8gF/oKzH2J14sVuL932jI=

typescript@^4.5.4:
  version "4.5.4"
  resolved "https://registry.yarnpkg.com/typescript/-/typescript-4.5.4.tgz#a17d3a0263bf5c8723b9c52f43c5084edf13c2e8"
  integrity sha512-VgYs2A2QIRuGphtzFV7aQJduJ2gyfTljngLzjpfW9FoYZF6xuw1W0vW9ghCKLfcWrCFxK81CSGRAvS1pn4fIUg==

unstated-next@^1.1.0:
  version "1.1.0"
  resolved "https://registry.yarnpkg.com/unstated-next/-/unstated-next-1.1.0.tgz#7bb4911a12fdf3cc8ad3eb11a0b315e4a8685ea8"
  integrity sha512-AAn47ZncPvgBGOvMcn8tSRxsrqwf2VdAPxLASTuLJvZt4rhKfDvUkmYZLGfclImSfTVMv7tF4ynaVxin0JjDCA==

use-json-comparison@^1.0.3, use-json-comparison@^1.0.5:
  version "1.0.6"
  resolved "https://registry.yarnpkg.com/use-json-comparison/-/use-json-comparison-1.0.6.tgz#a012bbc258ce745db1f56745dc653f575226cb21"
  integrity sha512-xPadt5yMRbEmVfOSGFSMqjjICrq7nLbfSH3rYIXsrtcuFX7PmbYDN/ku8ObBn3v8o/yZelO1OxUS5+5TI3+fUw==

use-media-antd-query@^1.0.6, use-media-antd-query@^1.1.0:
  version "1.1.0"
  resolved "https://registry.yarnpkg.com/use-media-antd-query/-/use-media-antd-query-1.1.0.tgz#f083ad7e292c1c0261b6bbfaac0edc3e0920d85d"
  integrity sha512-B6kKZwNV4R+l4Rl11sWO7HqOay9alzs1Vp1b4YJqjz33YxbltBCZtt/yxXxkXN9rc1S7OeEL/GbwC30Wmqhw6Q==

value-equal@^1.0.1:
  version "1.0.1"
  resolved "https://registry.yarnpkg.com/value-equal/-/value-equal-1.0.1.tgz#1e0b794c734c5c0cade179c437d356d931a34d6c"
  integrity sha512-NOJ6JZCAWr0zlxZt+xqCHNTEKOsrks2HQd4MqhP1qy4z1SkbEP467eNx6TgDKXMvUOb+OENfJCZwM+16n7fRfw==

warning@^4.0.3:
  version "4.0.3"
  resolved "https://registry.yarnpkg.com/warning/-/warning-4.0.3.tgz#16e9e077eb8a86d6af7d64aa1e05fd85b4678ca3"
  integrity sha512-rpJyN222KWIvHJ/F53XSZv0Zl/accqHR8et1kpaMTD/fLCRxtV8iX8czMzY7sVZupTI3zcUTg8eycS2kNF9l6w==
  dependencies:
    loose-envify "^1.0.0"
